
Microsoft Visual Studio Solution File, Format Version 12.00
# Visual Studio Version 17
VisualStudioVersion = 17.0.31903.59
MinimumVisualStudioVersion = 10.0.40219.1
Project("{8BC9CEB8-8B4A-11D0-8D11-00A0C91BC942}") = "Ex001", "Ex001\Ex001.vcxproj", "{F683C03E-3965-4D15-AAC5-A552E1925C83}"
EndProject
Project("{8BC9CEB8-8B4A-11D0-8D11-00A0C91BC942}") = "Ex002", "Ex002\Ex002.vcxproj", "{0CCB108F-C85F-4673-AF98-B90C68C299F4}"
EndProject
Project("{8BC9CEB8-8B4A-11D0-8D11-00A0C91BC942}") = "Ex003", "Ex003\Ex003.vcxproj", "{AA14412B-ACEF-4739-97A8-782FCA7510F4}"
EndProject
Project("{8BC9CEB8-8B4A-11D0-8D11-00A0C91BC942}") = "Ex004", "Ex004\Ex004.vcxproj", "{B667F224-E664-4C77-9DA6-25CCEABB2347}"
EndProject
Project("{8BC9CEB8-8B4A-11D0-8D11-00A0C91BC942}") = "Ex005", "Ex005\Ex005.vcxproj", "{8CF4AA77-1F91-4AED-8C37-C26DD75C4E8D}"
EndProject
Project("{8BC9CEB8-8B4A-11D0-8D11-00A0C91BC942}") = "Ex006", "Ex006\Ex006.vcxproj", "{A5FEAD15-D4C9-4DEE-B96E-5A8D4E697537}"
EndProject
Project("{8BC9CEB8-8B4A-11D0-8D11-00A0C91BC942}") = "Ex007", "Ex007\Ex007.vcxproj", "{5851A2E0-AA94-4641-9D84-9D16AC5F2439}"
EndProject
Project("{8BC9CEB8-8B4A-11D0-8D11-00A0C91BC942}") = "Ex008", "Ex008\Ex008.vcxproj", "{C69D424B-2017-4C15-8062-88B8E0D7DB3A}"
EndProject
Project("{8BC9CEB8-8B4A-11D0-8D11-00A0C91BC942}") = "Ex009", "Ex009\Ex009.vcxproj", "{61A33649-9321-4BC1-8246-6D38752E08B6}"
EndProject
Global
	GlobalSection(SolutionConfigurationPlatforms) = preSolution
		Debug|Any CPU = Debug|Any CPU
		Release|Any CPU = Release|Any CPU
	EndGlobalSection
	GlobalSection(SolutionProperties) = preSolution
		HideSolutionNode = FALSE
	EndGlobalSection
	GlobalSection(ProjectConfigurationPlatforms) = postSolution
		{F683C03E-3965-4D15-AAC5-A552E1925C83}.Debug|Any CPU.ActiveCfg = Debug|Win32
		{F683C03E-3965-4D15-AAC5-A552E1925C83}.Debug|Any CPU.Build.0 = Debug|Win32
		{F683C03E-3965-4D15-AAC5-A552E1925C83}.Release|Any CPU.ActiveCfg = Release|Win32
		{F683C03E-3965-4D15-AAC5-A552E1925C83}.Release|Any CPU.Build.0 = Release|Win32
		{0CCB108F-C85F-4673-AF98-B90C68C299F4}.Debug|Any CPU.ActiveCfg = Debug|Win32
		{0CCB108F-C85F-4673-AF98-B90C68C299F4}.Debug|Any CPU.Build.0 = Debug|Win32
		{0CCB108F-C85F-4673-AF98-B90C68C299F4}.Release|Any CPU.ActiveCfg = Release|Win32
		{0CCB108F-C85F-4673-AF98-B90C68C299F4}.Release|Any CPU.Build.0 = Release|Win32
		{AA14412B-ACEF-4739-97A8-782FCA7510F4}.Debug|Any CPU.ActiveCfg = Debug|Win32
		{AA14412B-ACEF-4739-97A8-782FCA7510F4}.Debug|Any CPU.Build.0 = Debug|Win32
		{AA14412B-ACEF-4739-97A8-782FCA7510F4}.Release|Any CPU.ActiveCfg = Release|Win32
		{AA14412B-ACEF-4739-97A8-782FCA7510F4}.Release|Any CPU.Build.0 = Release|Win32
		{B667F224-E664-4C77-9DA6-25CCEABB2347}.Debug|Any CPU.ActiveCfg = Debug|Win32
		{B667F224-E664-4C77-9DA6-25CCEABB2347}.Debug|Any CPU.Build.0 = Debug|Win32
		{B667F224-E664-4C77-9DA6-25CCEABB2347}.Release|Any CPU.ActiveCfg = Release|Win32
		{B667F224-E664-4C77-9DA6-25CCEABB2347}.Release|Any CPU.Build.0 = Release|Win32
		{8CF4AA77-1F91-4AED-8C37-C26DD75C4E8D}.Debug|Any CPU.ActiveCfg = Debug|Win32
		{8CF4AA77-1F91-4AED-8C37-C26DD75C4E8D}.Debug|Any CPU.Build.0 = Debug|Win32
		{8CF4AA77-1F91-4AED-8C37-C26DD75C4E8D}.Release|Any CPU.ActiveCfg = Release|Win32
		{8CF4AA77-1F91-4AED-8C37-C26DD75C4E8D}.Release|Any CPU.Build.0 = Release|Win32
		{A5FEAD15-D4C9-4DEE-B96E-5A8D4E697537}.Debug|Any CPU.ActiveCfg = Debug|Win32
		{A5FEAD15-D4C9-4DEE-B96E-5A8D4E697537}.Debug|Any CPU.Build.0 = Debug|Win32
		{A5FEAD15-D4C9-4DEE-B96E-5A8D4E697537}.Release|Any CPU.ActiveCfg = Release|Win32
		{A5FEAD15-D4C9-4DEE-B96E-5A8D4E697537}.Release|Any CPU.Build.0 = Release|Win32
		{5851A2E0-AA94-4641-9D84-9D16AC5F2439}.Debug|Any CPU.ActiveCfg = Debug|Win32
		{5851A2E0-AA94-4641-9D84-9D16AC5F2439}.Debug|Any CPU.Build.0 = Debug|Win32
		{5851A2E0-AA94-4641-9D84-9D16AC5F2439}.Release|Any CPU.ActiveCfg = Release|Win32
		{5851A2E0-AA94-4641-9D84-9D16AC5F2439}.Release|Any CPU.Build.0 = Release|Win32
		{C69D424B-2017-4C15-8062-88B8E0D7DB3A}.Debug|Any CPU.ActiveCfg = Debug|Win32
		{C69D424B-2017-4C15-8062-88B8E0D7DB3A}.Debug|Any CPU.Build.0 = Debug|Win32
		{C69D424B-2017-4C15-8062-88B8E0D7DB3A}.Release|Any CPU.ActiveCfg = Release|Win32
		{C69D424B-2017-4C15-8062-88B8E0D7DB3A}.Release|Any CPU.Build.0 = Release|Win32
		{61A33649-9321-4BC1-8246-6D38752E08B6}.Debug|Any CPU.ActiveCfg = Debug|Win32
		{61A33649-9321-4BC1-8246-6D38752E08B6}.Debug|Any CPU.Build.0 = Debug|Win32
		{61A33649-9321-4BC1-8246-6D38752E08B6}.Release|Any CPU.ActiveCfg = Release|Win32
		{61A33649-9321-4BC1-8246-6D38752E08B6}.Release|Any CPU.Build.0 = Release|Win32
	EndGlobalSection
EndGlobal
