
Microsoft Visual Studio Solution File, Format Version 12.00
# Visual Studio Version 17
VisualStudioVersion = 17.0.31903.59
MinimumVisualStudioVersion = 10.0.40219.1
Project("{8BC9CEB8-8B4A-11D0-8D11-00A0C91BC942}") = "Ex001", "Ex001\Ex001.vcxproj", "{8157061C-DA9F-4DF8-A40F-60E033BB7AFA}"
EndProject
Project("{8BC9CEB8-8B4A-11D0-8D11-00A0C91BC942}") = "Ex002", "Ex002\Ex002.vcxproj", "{AA7FDAF8-F235-4D6C-9837-E7C746D36452}"
EndProject
Project("{8BC9CEB8-8B4A-11D0-8D11-00A0C91BC942}") = "Ex003", "Ex003\Ex003.vcxproj", "{1CC1E9FE-7160-48C7-8F57-1B426122B7AA}"
EndProject
Project("{8BC9CEB8-8B4A-11D0-8D11-00A0C91BC942}") = "Ex004", "Ex004\Ex004.vcxproj", "{6C48C59B-1BF7-42A0-A588-E7DB6004ABDC}"
EndProject
Project("{8BC9CEB8-8B4A-11D0-8D11-00A0C91BC942}") = "Ex005", "Ex005\Ex005.vcxproj", "{B5E0BBF5-335B-414E-9DF3-15B06305BBD3}"
EndProject
Project("{8BC9CEB8-8B4A-11D0-8D11-00A0C91BC942}") = "Ex006", "Ex006\Ex006.vcxproj", "{E736A37C-5174-4BD2-9B0D-3F3E01C3BBD5}"
EndProject
Project("{8BC9CEB8-8B4A-11D0-8D11-00A0C91BC942}") = "Ex007", "Ex007\Ex007.vcxproj", "{93528AD7-8294-4E8F-A239-878A65588D86}"
EndProject
Project("{8BC9CEB8-8B4A-11D0-8D11-00A0C91BC942}") = "Ex008", "Ex008\Ex008.vcxproj", "{1194AC3C-8AFA-4F69-AE2D-8D66851E41E2}"
EndProject
Project("{8BC9CEB8-8B4A-11D0-8D11-00A0C91BC942}") = "Ex009", "Ex009\Ex009.vcxproj", "{351CF89D-A8C6-4E3E-ACEE-8B3BA7880D51}"
EndProject
Global
	GlobalSection(SolutionConfigurationPlatforms) = preSolution
		Debug|Any CPU = Debug|Any CPU
		Release|Any CPU = Release|Any CPU
	EndGlobalSection
	GlobalSection(SolutionProperties) = preSolution
		HideSolutionNode = FALSE
	EndGlobalSection
	GlobalSection(ProjectConfigurationPlatforms) = postSolution
		{8157061C-DA9F-4DF8-A40F-60E033BB7AFA}.Debug|Any CPU.ActiveCfg = Debug|Win32
		{8157061C-DA9F-4DF8-A40F-60E033BB7AFA}.Debug|Any CPU.Build.0 = Debug|Win32
		{8157061C-DA9F-4DF8-A40F-60E033BB7AFA}.Release|Any CPU.ActiveCfg = Release|Win32
		{8157061C-DA9F-4DF8-A40F-60E033BB7AFA}.Release|Any CPU.Build.0 = Release|Win32
		{AA7FDAF8-F235-4D6C-9837-E7C746D36452}.Debug|Any CPU.ActiveCfg = Debug|Win32
		{AA7FDAF8-F235-4D6C-9837-E7C746D36452}.Debug|Any CPU.Build.0 = Debug|Win32
		{AA7FDAF8-F235-4D6C-9837-E7C746D36452}.Release|Any CPU.ActiveCfg = Release|Win32
		{AA7FDAF8-F235-4D6C-9837-E7C746D36452}.Release|Any CPU.Build.0 = Release|Win32
		{1CC1E9FE-7160-48C7-8F57-1B426122B7AA}.Debug|Any CPU.ActiveCfg = Debug|Win32
		{1CC1E9FE-7160-48C7-8F57-1B426122B7AA}.Debug|Any CPU.Build.0 = Debug|Win32
		{1CC1E9FE-7160-48C7-8F57-1B426122B7AA}.Release|Any CPU.ActiveCfg = Release|Win32
		{1CC1E9FE-7160-48C7-8F57-1B426122B7AA}.Release|Any CPU.Build.0 = Release|Win32
		{6C48C59B-1BF7-42A0-A588-E7DB6004ABDC}.Debug|Any CPU.ActiveCfg = Debug|Win32
		{6C48C59B-1BF7-42A0-A588-E7DB6004ABDC}.Debug|Any CPU.Build.0 = Debug|Win32
		{6C48C59B-1BF7-42A0-A588-E7DB6004ABDC}.Release|Any CPU.ActiveCfg = Release|Win32
		{6C48C59B-1BF7-42A0-A588-E7DB6004ABDC}.Release|Any CPU.Build.0 = Release|Win32
		{B5E0BBF5-335B-414E-9DF3-15B06305BBD3}.Debug|Any CPU.ActiveCfg = Debug|Win32
		{B5E0BBF5-335B-414E-9DF3-15B06305BBD3}.Debug|Any CPU.Build.0 = Debug|Win32
		{B5E0BBF5-335B-414E-9DF3-15B06305BBD3}.Release|Any CPU.ActiveCfg = Release|Win32
		{B5E0BBF5-335B-414E-9DF3-15B06305BBD3}.Release|Any CPU.Build.0 = Release|Win32
		{E736A37C-5174-4BD2-9B0D-3F3E01C3BBD5}.Debug|Any CPU.ActiveCfg = Debug|Win32
		{E736A37C-5174-4BD2-9B0D-3F3E01C3BBD5}.Debug|Any CPU.Build.0 = Debug|Win32
		{E736A37C-5174-4BD2-9B0D-3F3E01C3BBD5}.Release|Any CPU.ActiveCfg = Release|Win32
		{E736A37C-5174-4BD2-9B0D-3F3E01C3BBD5}.Release|Any CPU.Build.0 = Release|Win32
		{93528AD7-8294-4E8F-A239-878A65588D86}.Debug|Any CPU.ActiveCfg = Debug|Win32
		{93528AD7-8294-4E8F-A239-878A65588D86}.Debug|Any CPU.Build.0 = Debug|Win32
		{93528AD7-8294-4E8F-A239-878A65588D86}.Release|Any CPU.ActiveCfg = Release|Win32
		{93528AD7-8294-4E8F-A239-878A65588D86}.Release|Any CPU.Build.0 = Release|Win32
		{1194AC3C-8AFA-4F69-AE2D-8D66851E41E2}.Debug|Any CPU.ActiveCfg = Debug|Win32
		{1194AC3C-8AFA-4F69-AE2D-8D66851E41E2}.Debug|Any CPU.Build.0 = Debug|Win32
		{1194AC3C-8AFA-4F69-AE2D-8D66851E41E2}.Release|Any CPU.ActiveCfg = Release|Win32
		{1194AC3C-8AFA-4F69-AE2D-8D66851E41E2}.Release|Any CPU.Build.0 = Release|Win32
		{351CF89D-A8C6-4E3E-ACEE-8B3BA7880D51}.Debug|Any CPU.ActiveCfg = Debug|Win32
		{351CF89D-A8C6-4E3E-ACEE-8B3BA7880D51}.Debug|Any CPU.Build.0 = Debug|Win32
		{351CF89D-A8C6-4E3E-ACEE-8B3BA7880D51}.Release|Any CPU.ActiveCfg = Release|Win32
		{351CF89D-A8C6-4E3E-ACEE-8B3BA7880D51}.Release|Any CPU.Build.0 = Release|Win32
	EndGlobalSection
EndGlobal
