
Microsoft Visual Studio Solution File, Format Version 12.00
# Visual Studio Version 17
VisualStudioVersion = 17.0.31903.59
MinimumVisualStudioVersion = 10.0.40219.1
Project("{8BC9CEB8-8B4A-11D0-8D11-00A0C91BC942}") = "Ex001", "Ex001\Ex001.vcxproj", "{90528692-4609-4B2B-AF81-B243C60EE641}"
EndProject
Project("{8BC9CEB8-8B4A-11D0-8D11-00A0C91BC942}") = "Ex002", "Ex002\Ex002.vcxproj", "{CB65D498-B4F0-448A-B304-C261E9B5B979}"
EndProject
Project("{8BC9CEB8-8B4A-11D0-8D11-00A0C91BC942}") = "Ex003", "Ex003\Ex003.vcxproj", "{E0998DA2-08E9-4B98-B460-70689207AA5E}"
EndProject
Project("{8BC9CEB8-8B4A-11D0-8D11-00A0C91BC942}") = "Ex004", "Ex004\Ex004.vcxproj", "{7D4600AF-E11D-40B3-8E66-EC84EC9B8F98}"
EndProject
Project("{8BC9CEB8-8B4A-11D0-8D11-00A0C91BC942}") = "Ex005", "Ex005\Ex005.vcxproj", "{496133D8-C9D5-4BDF-AAAE-AB8A92808CE0}"
EndProject
Project("{8BC9CEB8-8B4A-11D0-8D11-00A0C91BC942}") = "Ex006", "Ex006\Ex006.vcxproj", "{222D9B0C-AF43-4DA1-BC15-52035AC97F1D}"
EndProject
Project("{8BC9CEB8-8B4A-11D0-8D11-00A0C91BC942}") = "Ex007", "Ex007\Ex007.vcxproj", "{B5341538-930A-417F-B0CA-44995C37BAE0}"
EndProject
Project("{8BC9CEB8-8B4A-11D0-8D11-00A0C91BC942}") = "Ex008", "Ex008\Ex008.vcxproj", "{2E5CB8E0-E17B-4CA7-A5E6-B80024EFB826}"
EndProject
Global
	GlobalSection(SolutionConfigurationPlatforms) = preSolution
		Debug|Any CPU = Debug|Any CPU
		Release|Any CPU = Release|Any CPU
	EndGlobalSection
	GlobalSection(SolutionProperties) = preSolution
		HideSolutionNode = FALSE
	EndGlobalSection
	GlobalSection(ProjectConfigurationPlatforms) = postSolution
		{90528692-4609-4B2B-AF81-B243C60EE641}.Debug|Any CPU.ActiveCfg = Debug|Win32
		{90528692-4609-4B2B-AF81-B243C60EE641}.Debug|Any CPU.Build.0 = Debug|Win32
		{90528692-4609-4B2B-AF81-B243C60EE641}.Release|Any CPU.ActiveCfg = Release|Win32
		{90528692-4609-4B2B-AF81-B243C60EE641}.Release|Any CPU.Build.0 = Release|Win32
		{CB65D498-B4F0-448A-B304-C261E9B5B979}.Debug|Any CPU.ActiveCfg = Debug|Win32
		{CB65D498-B4F0-448A-B304-C261E9B5B979}.Debug|Any CPU.Build.0 = Debug|Win32
		{CB65D498-B4F0-448A-B304-C261E9B5B979}.Release|Any CPU.ActiveCfg = Release|Win32
		{CB65D498-B4F0-448A-B304-C261E9B5B979}.Release|Any CPU.Build.0 = Release|Win32
		{E0998DA2-08E9-4B98-B460-70689207AA5E}.Debug|Any CPU.ActiveCfg = Debug|Win32
		{E0998DA2-08E9-4B98-B460-70689207AA5E}.Debug|Any CPU.Build.0 = Debug|Win32
		{E0998DA2-08E9-4B98-B460-70689207AA5E}.Release|Any CPU.ActiveCfg = Release|Win32
		{E0998DA2-08E9-4B98-B460-70689207AA5E}.Release|Any CPU.Build.0 = Release|Win32
		{7D4600AF-E11D-40B3-8E66-EC84EC9B8F98}.Debug|Any CPU.ActiveCfg = Debug|Win32
		{7D4600AF-E11D-40B3-8E66-EC84EC9B8F98}.Debug|Any CPU.Build.0 = Debug|Win32
		{7D4600AF-E11D-40B3-8E66-EC84EC9B8F98}.Release|Any CPU.ActiveCfg = Release|Win32
		{7D4600AF-E11D-40B3-8E66-EC84EC9B8F98}.Release|Any CPU.Build.0 = Release|Win32
		{496133D8-C9D5-4BDF-AAAE-AB8A92808CE0}.Debug|Any CPU.ActiveCfg = Debug|Win32
		{496133D8-C9D5-4BDF-AAAE-AB8A92808CE0}.Debug|Any CPU.Build.0 = Debug|Win32
		{496133D8-C9D5-4BDF-AAAE-AB8A92808CE0}.Release|Any CPU.ActiveCfg = Release|Win32
		{496133D8-C9D5-4BDF-AAAE-AB8A92808CE0}.Release|Any CPU.Build.0 = Release|Win32
		{222D9B0C-AF43-4DA1-BC15-52035AC97F1D}.Debug|Any CPU.ActiveCfg = Debug|Win32
		{222D9B0C-AF43-4DA1-BC15-52035AC97F1D}.Debug|Any CPU.Build.0 = Debug|Win32
		{222D9B0C-AF43-4DA1-BC15-52035AC97F1D}.Release|Any CPU.ActiveCfg = Release|Win32
		{222D9B0C-AF43-4DA1-BC15-52035AC97F1D}.Release|Any CPU.Build.0 = Release|Win32
		{B5341538-930A-417F-B0CA-44995C37BAE0}.Debug|Any CPU.ActiveCfg = Debug|Win32
		{B5341538-930A-417F-B0CA-44995C37BAE0}.Debug|Any CPU.Build.0 = Debug|Win32
		{B5341538-930A-417F-B0CA-44995C37BAE0}.Release|Any CPU.ActiveCfg = Release|Win32
		{B5341538-930A-417F-B0CA-44995C37BAE0}.Release|Any CPU.Build.0 = Release|Win32
		{2E5CB8E0-E17B-4CA7-A5E6-B80024EFB826}.Debug|Any CPU.ActiveCfg = Debug|Win32
		{2E5CB8E0-E17B-4CA7-A5E6-B80024EFB826}.Debug|Any CPU.Build.0 = Debug|Win32
		{2E5CB8E0-E17B-4CA7-A5E6-B80024EFB826}.Release|Any CPU.ActiveCfg = Release|Win32
		{2E5CB8E0-E17B-4CA7-A5E6-B80024EFB826}.Release|Any CPU.Build.0 = Release|Win32
	EndGlobalSection
EndGlobal
