
Microsoft Visual Studio Solution File, Format Version 12.00
# Visual Studio Version 17
VisualStudioVersion = 17.0.31903.59
MinimumVisualStudioVersion = 10.0.40219.1
Project("{8BC9CEB8-8B4A-11D0-8D11-00A0C91BC942}") = "Ex001", "Ex001\Ex001.vcxproj", "{ED046AD6-EBB6-446B-8A4F-2DDE66E73D18}"
EndProject
Project("{8BC9CEB8-8B4A-11D0-8D11-00A0C91BC942}") = "Ex002", "Ex002\Ex002.vcxproj", "{F4E1A799-2464-4375-8C57-79FAB9C77EB5}"
EndProject
Project("{8BC9CEB8-8B4A-11D0-8D11-00A0C91BC942}") = "Ex003", "Ex003\Ex003.vcxproj", "{C01343EB-5743-4BAB-B59C-66EC36BB08F6}"
EndProject
Project("{8BC9CEB8-8B4A-11D0-8D11-00A0C91BC942}") = "Ex004", "Ex004\Ex004.vcxproj", "{D6FE2E85-CB05-4663-B468-840563CA4735}"
EndProject
Project("{8BC9CEB8-8B4A-11D0-8D11-00A0C91BC942}") = "Ex005", "Ex005\Ex005.vcxproj", "{85DD9460-95F1-49E3-B054-F46160D9EA4C}"
EndProject
Project("{8BC9CEB8-8B4A-11D0-8D11-00A0C91BC942}") = "Ex006", "Ex006\Ex006.vcxproj", "{F31662DE-DA17-43F6-997F-6FB020A5F5B0}"
EndProject
Project("{8BC9CEB8-8B4A-11D0-8D11-00A0C91BC942}") = "Ex007", "Ex007\Ex007.vcxproj", "{4C2383F1-BA66-4FBF-A55E-A57BA1866710}"
EndProject
Project("{8BC9CEB8-8B4A-11D0-8D11-00A0C91BC942}") = "Ex008", "Ex008\Ex008.vcxproj", "{301ADBE1-0A39-4DF9-8330-5B8A77515F5A}"
EndProject
Global
	GlobalSection(SolutionConfigurationPlatforms) = preSolution
		Debug|Any CPU = Debug|Any CPU
		Release|Any CPU = Release|Any CPU
	EndGlobalSection
	GlobalSection(SolutionProperties) = preSolution
		HideSolutionNode = FALSE
	EndGlobalSection
	GlobalSection(ProjectConfigurationPlatforms) = postSolution
		{ED046AD6-EBB6-446B-8A4F-2DDE66E73D18}.Debug|Any CPU.ActiveCfg = Debug|Win32
		{ED046AD6-EBB6-446B-8A4F-2DDE66E73D18}.Debug|Any CPU.Build.0 = Debug|Win32
		{ED046AD6-EBB6-446B-8A4F-2DDE66E73D18}.Release|Any CPU.ActiveCfg = Release|Win32
		{ED046AD6-EBB6-446B-8A4F-2DDE66E73D18}.Release|Any CPU.Build.0 = Release|Win32
		{F4E1A799-2464-4375-8C57-79FAB9C77EB5}.Debug|Any CPU.ActiveCfg = Debug|Win32
		{F4E1A799-2464-4375-8C57-79FAB9C77EB5}.Debug|Any CPU.Build.0 = Debug|Win32
		{F4E1A799-2464-4375-8C57-79FAB9C77EB5}.Release|Any CPU.ActiveCfg = Release|Win32
		{F4E1A799-2464-4375-8C57-79FAB9C77EB5}.Release|Any CPU.Build.0 = Release|Win32
		{C01343EB-5743-4BAB-B59C-66EC36BB08F6}.Debug|Any CPU.ActiveCfg = Debug|Win32
		{C01343EB-5743-4BAB-B59C-66EC36BB08F6}.Debug|Any CPU.Build.0 = Debug|Win32
		{C01343EB-5743-4BAB-B59C-66EC36BB08F6}.Release|Any CPU.ActiveCfg = Release|Win32
		{C01343EB-5743-4BAB-B59C-66EC36BB08F6}.Release|Any CPU.Build.0 = Release|Win32
		{D6FE2E85-CB05-4663-B468-840563CA4735}.Debug|Any CPU.ActiveCfg = Debug|Win32
		{D6FE2E85-CB05-4663-B468-840563CA4735}.Debug|Any CPU.Build.0 = Debug|Win32
		{D6FE2E85-CB05-4663-B468-840563CA4735}.Release|Any CPU.ActiveCfg = Release|Win32
		{D6FE2E85-CB05-4663-B468-840563CA4735}.Release|Any CPU.Build.0 = Release|Win32
		{85DD9460-95F1-49E3-B054-F46160D9EA4C}.Debug|Any CPU.ActiveCfg = Debug|Win32
		{85DD9460-95F1-49E3-B054-F46160D9EA4C}.Debug|Any CPU.Build.0 = Debug|Win32
		{85DD9460-95F1-49E3-B054-F46160D9EA4C}.Release|Any CPU.ActiveCfg = Release|Win32
		{85DD9460-95F1-49E3-B054-F46160D9EA4C}.Release|Any CPU.Build.0 = Release|Win32
		{F31662DE-DA17-43F6-997F-6FB020A5F5B0}.Debug|Any CPU.ActiveCfg = Debug|Win32
		{F31662DE-DA17-43F6-997F-6FB020A5F5B0}.Debug|Any CPU.Build.0 = Debug|Win32
		{F31662DE-DA17-43F6-997F-6FB020A5F5B0}.Release|Any CPU.ActiveCfg = Release|Win32
		{F31662DE-DA17-43F6-997F-6FB020A5F5B0}.Release|Any CPU.Build.0 = Release|Win32
		{4C2383F1-BA66-4FBF-A55E-A57BA1866710}.Debug|Any CPU.ActiveCfg = Debug|Win32
		{4C2383F1-BA66-4FBF-A55E-A57BA1866710}.Debug|Any CPU.Build.0 = Debug|Win32
		{4C2383F1-BA66-4FBF-A55E-A57BA1866710}.Release|Any CPU.ActiveCfg = Release|Win32
		{4C2383F1-BA66-4FBF-A55E-A57BA1866710}.Release|Any CPU.Build.0 = Release|Win32
		{301ADBE1-0A39-4DF9-8330-5B8A77515F5A}.Debug|Any CPU.ActiveCfg = Debug|Win32
		{301ADBE1-0A39-4DF9-8330-5B8A77515F5A}.Debug|Any CPU.Build.0 = Debug|Win32
		{301ADBE1-0A39-4DF9-8330-5B8A77515F5A}.Release|Any CPU.ActiveCfg = Release|Win32
		{301ADBE1-0A39-4DF9-8330-5B8A77515F5A}.Release|Any CPU.Build.0 = Release|Win32
	EndGlobalSection
EndGlobal
