
Microsoft Visual Studio Solution File, Format Version 12.00
# Visual Studio Version 17
VisualStudioVersion = 17.0.31903.59
MinimumVisualStudioVersion = 10.0.40219.1
Project("{8BC9CEB8-8B4A-11D0-8D11-00A0C91BC942}") = "Ex001", "Ex001\Ex001.vcxproj", "{07E90552-D40E-48A9-AA4A-EDF4E6DEE1CD}"
EndProject
Project("{8BC9CEB8-8B4A-11D0-8D11-00A0C91BC942}") = "Ex002", "Ex002\Ex002.vcxproj", "{6ABA110A-775E-4D8E-BA44-A02F55A701F3}"
EndProject
Project("{8BC9CEB8-8B4A-11D0-8D11-00A0C91BC942}") = "Ex003", "Ex003\Ex003.vcxproj", "{DC3D04F2-55CF-41A9-8B70-29B157C0E265}"
EndProject
Project("{8BC9CEB8-8B4A-11D0-8D11-00A0C91BC942}") = "Ex004", "Ex004\Ex004.vcxproj", "{F3737B48-957A-499F-B17E-7C8E1C47FF39}"
EndProject
Project("{8BC9CEB8-8B4A-11D0-8D11-00A0C91BC942}") = "Ex005", "Ex005\Ex005.vcxproj", "{2C5C5D43-F599-4C18-9A12-787E550174A5}"
EndProject
Project("{8BC9CEB8-8B4A-11D0-8D11-00A0C91BC942}") = "Ex006", "Ex006\Ex006.vcxproj", "{5FE7D8F7-E403-481D-9B9E-AAE8069A83AB}"
EndProject
Project("{8BC9CEB8-8B4A-11D0-8D11-00A0C91BC942}") = "Ex007", "Ex007\Ex007.vcxproj", "{9C2E0613-5895-4408-A165-35D59A8FCA31}"
EndProject
Global
	GlobalSection(SolutionConfigurationPlatforms) = preSolution
		Debug|Any CPU = Debug|Any CPU
		Release|Any CPU = Release|Any CPU
	EndGlobalSection
	GlobalSection(SolutionProperties) = preSolution
		HideSolutionNode = FALSE
	EndGlobalSection
	GlobalSection(ProjectConfigurationPlatforms) = postSolution
		{07E90552-D40E-48A9-AA4A-EDF4E6DEE1CD}.Debug|Any CPU.ActiveCfg = Debug|Win32
		{07E90552-D40E-48A9-AA4A-EDF4E6DEE1CD}.Debug|Any CPU.Build.0 = Debug|Win32
		{07E90552-D40E-48A9-AA4A-EDF4E6DEE1CD}.Release|Any CPU.ActiveCfg = Release|Win32
		{07E90552-D40E-48A9-AA4A-EDF4E6DEE1CD}.Release|Any CPU.Build.0 = Release|Win32
		{6ABA110A-775E-4D8E-BA44-A02F55A701F3}.Debug|Any CPU.ActiveCfg = Debug|Win32
		{6ABA110A-775E-4D8E-BA44-A02F55A701F3}.Debug|Any CPU.Build.0 = Debug|Win32
		{6ABA110A-775E-4D8E-BA44-A02F55A701F3}.Release|Any CPU.ActiveCfg = Release|Win32
		{6ABA110A-775E-4D8E-BA44-A02F55A701F3}.Release|Any CPU.Build.0 = Release|Win32
		{DC3D04F2-55CF-41A9-8B70-29B157C0E265}.Debug|Any CPU.ActiveCfg = Debug|Win32
		{DC3D04F2-55CF-41A9-8B70-29B157C0E265}.Debug|Any CPU.Build.0 = Debug|Win32
		{DC3D04F2-55CF-41A9-8B70-29B157C0E265}.Release|Any CPU.ActiveCfg = Release|Win32
		{DC3D04F2-55CF-41A9-8B70-29B157C0E265}.Release|Any CPU.Build.0 = Release|Win32
		{F3737B48-957A-499F-B17E-7C8E1C47FF39}.Debug|Any CPU.ActiveCfg = Debug|Win32
		{F3737B48-957A-499F-B17E-7C8E1C47FF39}.Debug|Any CPU.Build.0 = Debug|Win32
		{F3737B48-957A-499F-B17E-7C8E1C47FF39}.Release|Any CPU.ActiveCfg = Release|Win32
		{F3737B48-957A-499F-B17E-7C8E1C47FF39}.Release|Any CPU.Build.0 = Release|Win32
		{2C5C5D43-F599-4C18-9A12-787E550174A5}.Debug|Any CPU.ActiveCfg = Debug|Win32
		{2C5C5D43-F599-4C18-9A12-787E550174A5}.Debug|Any CPU.Build.0 = Debug|Win32
		{2C5C5D43-F599-4C18-9A12-787E550174A5}.Release|Any CPU.ActiveCfg = Release|Win32
		{2C5C5D43-F599-4C18-9A12-787E550174A5}.Release|Any CPU.Build.0 = Release|Win32
		{5FE7D8F7-E403-481D-9B9E-AAE8069A83AB}.Debug|Any CPU.ActiveCfg = Debug|Win32
		{5FE7D8F7-E403-481D-9B9E-AAE8069A83AB}.Debug|Any CPU.Build.0 = Debug|Win32
		{5FE7D8F7-E403-481D-9B9E-AAE8069A83AB}.Release|Any CPU.ActiveCfg = Release|Win32
		{5FE7D8F7-E403-481D-9B9E-AAE8069A83AB}.Release|Any CPU.Build.0 = Release|Win32
		{9C2E0613-5895-4408-A165-35D59A8FCA31}.Debug|Any CPU.ActiveCfg = Debug|Win32
		{9C2E0613-5895-4408-A165-35D59A8FCA31}.Debug|Any CPU.Build.0 = Debug|Win32
		{9C2E0613-5895-4408-A165-35D59A8FCA31}.Release|Any CPU.ActiveCfg = Release|Win32
		{9C2E0613-5895-4408-A165-35D59A8FCA31}.Release|Any CPU.Build.0 = Release|Win32
	EndGlobalSection
EndGlobal
