
Microsoft Visual Studio Solution File, Format Version 12.00
# Visual Studio Version 17
VisualStudioVersion = 17.0.31903.59
MinimumVisualStudioVersion = 10.0.40219.1
Project("{8BC9CEB8-8B4A-11D0-8D11-00A0C91BC942}") = "Ex001", "Ex001\Ex001.vcxproj", "{AD1D2F8F-FAF2-438A-B7C4-1EECCBEEEA71}"
EndProject
Project("{8BC9CEB8-8B4A-11D0-8D11-00A0C91BC942}") = "Ex002", "Ex002\Ex002.vcxproj", "{09C39172-926B-4FD9-A6BF-D5EE86EA9DEF}"
EndProject
Project("{8BC9CEB8-8B4A-11D0-8D11-00A0C91BC942}") = "Ex003", "Ex003\Ex003.vcxproj", "{42CE53D4-8A64-4896-B71F-813E28174B6D}"
EndProject
Project("{8BC9CEB8-8B4A-11D0-8D11-00A0C91BC942}") = "Ex004", "Ex004\Ex004.vcxproj", "{58E9313E-A643-4B12-9E5D-181056B5CC0A}"
EndProject
Project("{8BC9CEB8-8B4A-11D0-8D11-00A0C91BC942}") = "Ex005", "Ex005\Ex005.vcxproj", "{FFA9F6B8-13BD-403F-B295-FCB84CB573C3}"
EndProject
Project("{8BC9CEB8-8B4A-11D0-8D11-00A0C91BC942}") = "Ex006", "Ex006\Ex006.vcxproj", "{92AC117B-3C7F-4F54-81BA-19D025EEE27F}"
EndProject
Project("{8BC9CEB8-8B4A-11D0-8D11-00A0C91BC942}") = "Ex007", "Ex007\Ex007.vcxproj", "{750B4D11-EE09-4593-A05C-71DB8134C105}"
EndProject
Project("{8BC9CEB8-8B4A-11D0-8D11-00A0C91BC942}") = "Ex008", "Ex008\Ex008.vcxproj", "{2DCE5C32-D1BB-477D-AA06-B9A20BA87A33}"
EndProject
Project("{8BC9CEB8-8B4A-11D0-8D11-00A0C91BC942}") = "Ex009", "Ex009\Ex009.vcxproj", "{CB9D31D4-F8FB-4E70-A1DF-AB1D8581D34B}"
EndProject
Global
	GlobalSection(SolutionConfigurationPlatforms) = preSolution
		Debug|Any CPU = Debug|Any CPU
		Release|Any CPU = Release|Any CPU
	EndGlobalSection
	GlobalSection(SolutionProperties) = preSolution
		HideSolutionNode = FALSE
	EndGlobalSection
	GlobalSection(ProjectConfigurationPlatforms) = postSolution
		{AD1D2F8F-FAF2-438A-B7C4-1EECCBEEEA71}.Debug|Any CPU.ActiveCfg = Debug|Win32
		{AD1D2F8F-FAF2-438A-B7C4-1EECCBEEEA71}.Debug|Any CPU.Build.0 = Debug|Win32
		{AD1D2F8F-FAF2-438A-B7C4-1EECCBEEEA71}.Release|Any CPU.ActiveCfg = Release|Win32
		{AD1D2F8F-FAF2-438A-B7C4-1EECCBEEEA71}.Release|Any CPU.Build.0 = Release|Win32
		{09C39172-926B-4FD9-A6BF-D5EE86EA9DEF}.Debug|Any CPU.ActiveCfg = Debug|Win32
		{09C39172-926B-4FD9-A6BF-D5EE86EA9DEF}.Debug|Any CPU.Build.0 = Debug|Win32
		{09C39172-926B-4FD9-A6BF-D5EE86EA9DEF}.Release|Any CPU.ActiveCfg = Release|Win32
		{09C39172-926B-4FD9-A6BF-D5EE86EA9DEF}.Release|Any CPU.Build.0 = Release|Win32
		{42CE53D4-8A64-4896-B71F-813E28174B6D}.Debug|Any CPU.ActiveCfg = Debug|Win32
		{42CE53D4-8A64-4896-B71F-813E28174B6D}.Debug|Any CPU.Build.0 = Debug|Win32
		{42CE53D4-8A64-4896-B71F-813E28174B6D}.Release|Any CPU.ActiveCfg = Release|Win32
		{42CE53D4-8A64-4896-B71F-813E28174B6D}.Release|Any CPU.Build.0 = Release|Win32
		{58E9313E-A643-4B12-9E5D-181056B5CC0A}.Debug|Any CPU.ActiveCfg = Debug|Win32
		{58E9313E-A643-4B12-9E5D-181056B5CC0A}.Debug|Any CPU.Build.0 = Debug|Win32
		{58E9313E-A643-4B12-9E5D-181056B5CC0A}.Release|Any CPU.ActiveCfg = Release|Win32
		{58E9313E-A643-4B12-9E5D-181056B5CC0A}.Release|Any CPU.Build.0 = Release|Win32
		{FFA9F6B8-13BD-403F-B295-FCB84CB573C3}.Debug|Any CPU.ActiveCfg = Debug|Win32
		{FFA9F6B8-13BD-403F-B295-FCB84CB573C3}.Debug|Any CPU.Build.0 = Debug|Win32
		{FFA9F6B8-13BD-403F-B295-FCB84CB573C3}.Release|Any CPU.ActiveCfg = Release|Win32
		{FFA9F6B8-13BD-403F-B295-FCB84CB573C3}.Release|Any CPU.Build.0 = Release|Win32
		{92AC117B-3C7F-4F54-81BA-19D025EEE27F}.Debug|Any CPU.ActiveCfg = Debug|Win32
		{92AC117B-3C7F-4F54-81BA-19D025EEE27F}.Debug|Any CPU.Build.0 = Debug|Win32
		{92AC117B-3C7F-4F54-81BA-19D025EEE27F}.Release|Any CPU.ActiveCfg = Release|Win32
		{92AC117B-3C7F-4F54-81BA-19D025EEE27F}.Release|Any CPU.Build.0 = Release|Win32
		{750B4D11-EE09-4593-A05C-71DB8134C105}.Debug|Any CPU.ActiveCfg = Debug|Win32
		{750B4D11-EE09-4593-A05C-71DB8134C105}.Debug|Any CPU.Build.0 = Debug|Win32
		{750B4D11-EE09-4593-A05C-71DB8134C105}.Release|Any CPU.ActiveCfg = Release|Win32
		{750B4D11-EE09-4593-A05C-71DB8134C105}.Release|Any CPU.Build.0 = Release|Win32
		{2DCE5C32-D1BB-477D-AA06-B9A20BA87A33}.Debug|Any CPU.ActiveCfg = Debug|Win32
		{2DCE5C32-D1BB-477D-AA06-B9A20BA87A33}.Debug|Any CPU.Build.0 = Debug|Win32
		{2DCE5C32-D1BB-477D-AA06-B9A20BA87A33}.Release|Any CPU.ActiveCfg = Release|Win32
		{2DCE5C32-D1BB-477D-AA06-B9A20BA87A33}.Release|Any CPU.Build.0 = Release|Win32
		{CB9D31D4-F8FB-4E70-A1DF-AB1D8581D34B}.Debug|Any CPU.ActiveCfg = Debug|Win32
		{CB9D31D4-F8FB-4E70-A1DF-AB1D8581D34B}.Debug|Any CPU.Build.0 = Debug|Win32
		{CB9D31D4-F8FB-4E70-A1DF-AB1D8581D34B}.Release|Any CPU.ActiveCfg = Release|Win32
		{CB9D31D4-F8FB-4E70-A1DF-AB1D8581D34B}.Release|Any CPU.Build.0 = Release|Win32
	EndGlobalSection
EndGlobal
