
Microsoft Visual Studio Solution File, Format Version 12.00
# Visual Studio Version 17
VisualStudioVersion = 17.0.31903.59
MinimumVisualStudioVersion = 10.0.40219.1
Project("{8BC9CEB8-8B4A-11D0-8D11-00A0C91BC942}") = "Ex001", "Ex001\Ex001.vcxproj", "{911D4371-8DA5-4479-805C-80C8F604AB0F}"
EndProject
Project("{8BC9CEB8-8B4A-11D0-8D11-00A0C91BC942}") = "Ex002", "Ex002\Ex002.vcxproj", "{A2D4E047-25D8-43A5-A019-D39213ACE18F}"
EndProject
Project("{8BC9CEB8-8B4A-11D0-8D11-00A0C91BC942}") = "Ex003", "Ex003\Ex003.vcxproj", "{B163AE1F-CB94-4256-9015-D7CB75065ED8}"
EndProject
Project("{8BC9CEB8-8B4A-11D0-8D11-00A0C91BC942}") = "Ex004", "Ex004\Ex004.vcxproj", "{847B9939-6D01-4025-A57B-B5147F358163}"
EndProject
Project("{8BC9CEB8-8B4A-11D0-8D11-00A0C91BC942}") = "Ex005", "Ex005\Ex005.vcxproj", "{49510003-F49A-42C6-A551-A4C47193B899}"
EndProject
Project("{8BC9CEB8-8B4A-11D0-8D11-00A0C91BC942}") = "Ex006", "Ex006\Ex006.vcxproj", "{B92DD7F4-5107-4BAA-B744-A95399EF6CBA}"
EndProject
Project("{8BC9CEB8-8B4A-11D0-8D11-00A0C91BC942}") = "Ex007", "Ex007\Ex007.vcxproj", "{31BBDE66-EA43-41C7-9E0C-FF9258BFFE1E}"
EndProject
Project("{8BC9CEB8-8B4A-11D0-8D11-00A0C91BC942}") = "Ex008", "Ex008\Ex008.vcxproj", "{C33B6515-45D8-4F06-B0F7-6FB5462CBA55}"
EndProject
Global
	GlobalSection(SolutionConfigurationPlatforms) = preSolution
		Debug|Any CPU = Debug|Any CPU
		Release|Any CPU = Release|Any CPU
	EndGlobalSection
	GlobalSection(SolutionProperties) = preSolution
		HideSolutionNode = FALSE
	EndGlobalSection
	GlobalSection(ProjectConfigurationPlatforms) = postSolution
		{911D4371-8DA5-4479-805C-80C8F604AB0F}.Debug|Any CPU.ActiveCfg = Debug|Win32
		{911D4371-8DA5-4479-805C-80C8F604AB0F}.Debug|Any CPU.Build.0 = Debug|Win32
		{911D4371-8DA5-4479-805C-80C8F604AB0F}.Release|Any CPU.ActiveCfg = Release|Win32
		{911D4371-8DA5-4479-805C-80C8F604AB0F}.Release|Any CPU.Build.0 = Release|Win32
		{A2D4E047-25D8-43A5-A019-D39213ACE18F}.Debug|Any CPU.ActiveCfg = Debug|Win32
		{A2D4E047-25D8-43A5-A019-D39213ACE18F}.Debug|Any CPU.Build.0 = Debug|Win32
		{A2D4E047-25D8-43A5-A019-D39213ACE18F}.Release|Any CPU.ActiveCfg = Release|Win32
		{A2D4E047-25D8-43A5-A019-D39213ACE18F}.Release|Any CPU.Build.0 = Release|Win32
		{B163AE1F-CB94-4256-9015-D7CB75065ED8}.Debug|Any CPU.ActiveCfg = Debug|Win32
		{B163AE1F-CB94-4256-9015-D7CB75065ED8}.Debug|Any CPU.Build.0 = Debug|Win32
		{B163AE1F-CB94-4256-9015-D7CB75065ED8}.Release|Any CPU.ActiveCfg = Release|Win32
		{B163AE1F-CB94-4256-9015-D7CB75065ED8}.Release|Any CPU.Build.0 = Release|Win32
		{847B9939-6D01-4025-A57B-B5147F358163}.Debug|Any CPU.ActiveCfg = Debug|Win32
		{847B9939-6D01-4025-A57B-B5147F358163}.Debug|Any CPU.Build.0 = Debug|Win32
		{847B9939-6D01-4025-A57B-B5147F358163}.Release|Any CPU.ActiveCfg = Release|Win32
		{847B9939-6D01-4025-A57B-B5147F358163}.Release|Any CPU.Build.0 = Release|Win32
		{49510003-F49A-42C6-A551-A4C47193B899}.Debug|Any CPU.ActiveCfg = Debug|Win32
		{49510003-F49A-42C6-A551-A4C47193B899}.Debug|Any CPU.Build.0 = Debug|Win32
		{49510003-F49A-42C6-A551-A4C47193B899}.Release|Any CPU.ActiveCfg = Release|Win32
		{49510003-F49A-42C6-A551-A4C47193B899}.Release|Any CPU.Build.0 = Release|Win32
		{B92DD7F4-5107-4BAA-B744-A95399EF6CBA}.Debug|Any CPU.ActiveCfg = Debug|Win32
		{B92DD7F4-5107-4BAA-B744-A95399EF6CBA}.Debug|Any CPU.Build.0 = Debug|Win32
		{B92DD7F4-5107-4BAA-B744-A95399EF6CBA}.Release|Any CPU.ActiveCfg = Release|Win32
		{B92DD7F4-5107-4BAA-B744-A95399EF6CBA}.Release|Any CPU.Build.0 = Release|Win32
		{31BBDE66-EA43-41C7-9E0C-FF9258BFFE1E}.Debug|Any CPU.ActiveCfg = Debug|Win32
		{31BBDE66-EA43-41C7-9E0C-FF9258BFFE1E}.Debug|Any CPU.Build.0 = Debug|Win32
		{31BBDE66-EA43-41C7-9E0C-FF9258BFFE1E}.Release|Any CPU.ActiveCfg = Release|Win32
		{31BBDE66-EA43-41C7-9E0C-FF9258BFFE1E}.Release|Any CPU.Build.0 = Release|Win32
		{C33B6515-45D8-4F06-B0F7-6FB5462CBA55}.Debug|Any CPU.ActiveCfg = Debug|Win32
		{C33B6515-45D8-4F06-B0F7-6FB5462CBA55}.Debug|Any CPU.Build.0 = Debug|Win32
		{C33B6515-45D8-4F06-B0F7-6FB5462CBA55}.Release|Any CPU.ActiveCfg = Release|Win32
		{C33B6515-45D8-4F06-B0F7-6FB5462CBA55}.Release|Any CPU.Build.0 = Release|Win32
	EndGlobalSection
EndGlobal
