
Microsoft Visual Studio Solution File, Format Version 12.00
# Visual Studio Version 17
VisualStudioVersion = 17.0.31903.59
MinimumVisualStudioVersion = 10.0.40219.1
Project("{8BC9CEB8-8B4A-11D0-8D11-00A0C91BC942}") = "Ex001", "Ex001\Ex001.vcxproj", "{BFCA521D-154D-42DB-9CE2-9D448F36E071}"
EndProject
Project("{8BC9CEB8-8B4A-11D0-8D11-00A0C91BC942}") = "Ex002", "Ex002\Ex002.vcxproj", "{A8F7592A-E48A-469A-B37F-38A03FDE32A9}"
EndProject
Project("{8BC9CEB8-8B4A-11D0-8D11-00A0C91BC942}") = "Ex003", "Ex003\Ex003.vcxproj", "{00151931-EF56-4CB5-8392-B6698C1C5D49}"
EndProject
Project("{8BC9CEB8-8B4A-11D0-8D11-00A0C91BC942}") = "Ex004", "Ex004\Ex004.vcxproj", "{F25717F8-E371-4FC3-92DD-E2FBD07B0282}"
EndProject
Project("{8BC9CEB8-8B4A-11D0-8D11-00A0C91BC942}") = "Ex005", "Ex005\Ex005.vcxproj", "{86888E3F-B7DB-443E-A39E-E4066D16EE1E}"
EndProject
Project("{8BC9CEB8-8B4A-11D0-8D11-00A0C91BC942}") = "Ex006", "Ex006\Ex006.vcxproj", "{5E2AE4E7-F17C-4C63-8088-EF38EE049B96}"
EndProject
Project("{8BC9CEB8-8B4A-11D0-8D11-00A0C91BC942}") = "Ex007", "Ex007\Ex007.vcxproj", "{840E7372-0908-44DD-8907-219B49CE894B}"
EndProject
Project("{8BC9CEB8-8B4A-11D0-8D11-00A0C91BC942}") = "Ex008", "Ex008\Ex008.vcxproj", "{8C90407A-5390-4C25-A28A-BB3E53072DD5}"
EndProject
Global
	GlobalSection(SolutionConfigurationPlatforms) = preSolution
		Debug|Any CPU = Debug|Any CPU
		Release|Any CPU = Release|Any CPU
	EndGlobalSection
	GlobalSection(SolutionProperties) = preSolution
		HideSolutionNode = FALSE
	EndGlobalSection
	GlobalSection(ProjectConfigurationPlatforms) = postSolution
		{BFCA521D-154D-42DB-9CE2-9D448F36E071}.Debug|Any CPU.ActiveCfg = Debug|Win32
		{BFCA521D-154D-42DB-9CE2-9D448F36E071}.Debug|Any CPU.Build.0 = Debug|Win32
		{BFCA521D-154D-42DB-9CE2-9D448F36E071}.Release|Any CPU.ActiveCfg = Release|Win32
		{BFCA521D-154D-42DB-9CE2-9D448F36E071}.Release|Any CPU.Build.0 = Release|Win32
		{A8F7592A-E48A-469A-B37F-38A03FDE32A9}.Debug|Any CPU.ActiveCfg = Debug|Win32
		{A8F7592A-E48A-469A-B37F-38A03FDE32A9}.Debug|Any CPU.Build.0 = Debug|Win32
		{A8F7592A-E48A-469A-B37F-38A03FDE32A9}.Release|Any CPU.ActiveCfg = Release|Win32
		{A8F7592A-E48A-469A-B37F-38A03FDE32A9}.Release|Any CPU.Build.0 = Release|Win32
		{00151931-EF56-4CB5-8392-B6698C1C5D49}.Debug|Any CPU.ActiveCfg = Debug|Win32
		{00151931-EF56-4CB5-8392-B6698C1C5D49}.Debug|Any CPU.Build.0 = Debug|Win32
		{00151931-EF56-4CB5-8392-B6698C1C5D49}.Release|Any CPU.ActiveCfg = Release|Win32
		{00151931-EF56-4CB5-8392-B6698C1C5D49}.Release|Any CPU.Build.0 = Release|Win32
		{F25717F8-E371-4FC3-92DD-E2FBD07B0282}.Debug|Any CPU.ActiveCfg = Debug|Win32
		{F25717F8-E371-4FC3-92DD-E2FBD07B0282}.Debug|Any CPU.Build.0 = Debug|Win32
		{F25717F8-E371-4FC3-92DD-E2FBD07B0282}.Release|Any CPU.ActiveCfg = Release|Win32
		{F25717F8-E371-4FC3-92DD-E2FBD07B0282}.Release|Any CPU.Build.0 = Release|Win32
		{86888E3F-B7DB-443E-A39E-E4066D16EE1E}.Debug|Any CPU.ActiveCfg = Debug|Win32
		{86888E3F-B7DB-443E-A39E-E4066D16EE1E}.Debug|Any CPU.Build.0 = Debug|Win32
		{86888E3F-B7DB-443E-A39E-E4066D16EE1E}.Release|Any CPU.ActiveCfg = Release|Win32
		{86888E3F-B7DB-443E-A39E-E4066D16EE1E}.Release|Any CPU.Build.0 = Release|Win32
		{5E2AE4E7-F17C-4C63-8088-EF38EE049B96}.Debug|Any CPU.ActiveCfg = Debug|Win32
		{5E2AE4E7-F17C-4C63-8088-EF38EE049B96}.Debug|Any CPU.Build.0 = Debug|Win32
		{5E2AE4E7-F17C-4C63-8088-EF38EE049B96}.Release|Any CPU.ActiveCfg = Release|Win32
		{5E2AE4E7-F17C-4C63-8088-EF38EE049B96}.Release|Any CPU.Build.0 = Release|Win32
		{840E7372-0908-44DD-8907-219B49CE894B}.Debug|Any CPU.ActiveCfg = Debug|Win32
		{840E7372-0908-44DD-8907-219B49CE894B}.Debug|Any CPU.Build.0 = Debug|Win32
		{840E7372-0908-44DD-8907-219B49CE894B}.Release|Any CPU.ActiveCfg = Release|Win32
		{840E7372-0908-44DD-8907-219B49CE894B}.Release|Any CPU.Build.0 = Release|Win32
		{8C90407A-5390-4C25-A28A-BB3E53072DD5}.Debug|Any CPU.ActiveCfg = Debug|Win32
		{8C90407A-5390-4C25-A28A-BB3E53072DD5}.Debug|Any CPU.Build.0 = Debug|Win32
		{8C90407A-5390-4C25-A28A-BB3E53072DD5}.Release|Any CPU.ActiveCfg = Release|Win32
		{8C90407A-5390-4C25-A28A-BB3E53072DD5}.Release|Any CPU.Build.0 = Release|Win32
	EndGlobalSection
EndGlobal
