
Microsoft Visual Studio Solution File, Format Version 12.00
# Visual Studio Version 17
VisualStudioVersion = 17.0.31903.59
MinimumVisualStudioVersion = 10.0.40219.1
Project("{8BC9CEB8-8B4A-11D0-8D11-00A0C91BC942}") = "Ex001", "Ex001\Ex001.vcxproj", "{32116732-408D-4D86-B3F5-17B2B975EF21}"
EndProject
Project("{8BC9CEB8-8B4A-11D0-8D11-00A0C91BC942}") = "Ex002", "Ex002\Ex002.vcxproj", "{B2DC670C-E2E9-4BAB-93D5-4DA360394DD4}"
EndProject
Project("{8BC9CEB8-8B4A-11D0-8D11-00A0C91BC942}") = "Ex003", "Ex003\Ex003.vcxproj", "{AE91B466-B1B8-4649-AC8C-58D5840A7D41}"
EndProject
Project("{8BC9CEB8-8B4A-11D0-8D11-00A0C91BC942}") = "Ex004", "Ex004\Ex004.vcxproj", "{7B7F257C-FDE1-4E05-8A54-45A6013F1E2B}"
EndProject
Project("{8BC9CEB8-8B4A-11D0-8D11-00A0C91BC942}") = "Ex005", "Ex005\Ex005.vcxproj", "{45CF652E-CBDE-46F7-AA89-ED1A208C95A9}"
EndProject
Project("{8BC9CEB8-8B4A-11D0-8D11-00A0C91BC942}") = "Ex006", "Ex006\Ex006.vcxproj", "{A4779684-645E-4526-9742-0461E148E2A4}"
EndProject
Project("{8BC9CEB8-8B4A-11D0-8D11-00A0C91BC942}") = "Ex007", "Ex007\Ex007.vcxproj", "{DCF1087A-9439-4F26-812C-51FB1126BBFD}"
EndProject
Project("{8BC9CEB8-8B4A-11D0-8D11-00A0C91BC942}") = "Ex008", "Ex008\Ex008.vcxproj", "{D9BCD2B5-8ED7-486E-AE23-9D9A6B27638D}"
EndProject
Project("{8BC9CEB8-8B4A-11D0-8D11-00A0C91BC942}") = "Ex009", "Ex009\Ex009.vcxproj", "{C7790C0A-606C-4A78-95DD-1CDF1330C530}"
EndProject
Global
	GlobalSection(SolutionConfigurationPlatforms) = preSolution
		Debug|Any CPU = Debug|Any CPU
		Release|Any CPU = Release|Any CPU
	EndGlobalSection
	GlobalSection(SolutionProperties) = preSolution
		HideSolutionNode = FALSE
	EndGlobalSection
	GlobalSection(ProjectConfigurationPlatforms) = postSolution
		{32116732-408D-4D86-B3F5-17B2B975EF21}.Debug|Any CPU.ActiveCfg = Debug|Win32
		{32116732-408D-4D86-B3F5-17B2B975EF21}.Debug|Any CPU.Build.0 = Debug|Win32
		{32116732-408D-4D86-B3F5-17B2B975EF21}.Release|Any CPU.ActiveCfg = Release|Win32
		{32116732-408D-4D86-B3F5-17B2B975EF21}.Release|Any CPU.Build.0 = Release|Win32
		{B2DC670C-E2E9-4BAB-93D5-4DA360394DD4}.Debug|Any CPU.ActiveCfg = Debug|Win32
		{B2DC670C-E2E9-4BAB-93D5-4DA360394DD4}.Debug|Any CPU.Build.0 = Debug|Win32
		{B2DC670C-E2E9-4BAB-93D5-4DA360394DD4}.Release|Any CPU.ActiveCfg = Release|Win32
		{B2DC670C-E2E9-4BAB-93D5-4DA360394DD4}.Release|Any CPU.Build.0 = Release|Win32
		{AE91B466-B1B8-4649-AC8C-58D5840A7D41}.Debug|Any CPU.ActiveCfg = Debug|Win32
		{AE91B466-B1B8-4649-AC8C-58D5840A7D41}.Debug|Any CPU.Build.0 = Debug|Win32
		{AE91B466-B1B8-4649-AC8C-58D5840A7D41}.Release|Any CPU.ActiveCfg = Release|Win32
		{AE91B466-B1B8-4649-AC8C-58D5840A7D41}.Release|Any CPU.Build.0 = Release|Win32
		{7B7F257C-FDE1-4E05-8A54-45A6013F1E2B}.Debug|Any CPU.ActiveCfg = Debug|Win32
		{7B7F257C-FDE1-4E05-8A54-45A6013F1E2B}.Debug|Any CPU.Build.0 = Debug|Win32
		{7B7F257C-FDE1-4E05-8A54-45A6013F1E2B}.Release|Any CPU.ActiveCfg = Release|Win32
		{7B7F257C-FDE1-4E05-8A54-45A6013F1E2B}.Release|Any CPU.Build.0 = Release|Win32
		{45CF652E-CBDE-46F7-AA89-ED1A208C95A9}.Debug|Any CPU.ActiveCfg = Debug|Win32
		{45CF652E-CBDE-46F7-AA89-ED1A208C95A9}.Debug|Any CPU.Build.0 = Debug|Win32
		{45CF652E-CBDE-46F7-AA89-ED1A208C95A9}.Release|Any CPU.ActiveCfg = Release|Win32
		{45CF652E-CBDE-46F7-AA89-ED1A208C95A9}.Release|Any CPU.Build.0 = Release|Win32
		{A4779684-645E-4526-9742-0461E148E2A4}.Debug|Any CPU.ActiveCfg = Debug|Win32
		{A4779684-645E-4526-9742-0461E148E2A4}.Debug|Any CPU.Build.0 = Debug|Win32
		{A4779684-645E-4526-9742-0461E148E2A4}.Release|Any CPU.ActiveCfg = Release|Win32
		{A4779684-645E-4526-9742-0461E148E2A4}.Release|Any CPU.Build.0 = Release|Win32
		{DCF1087A-9439-4F26-812C-51FB1126BBFD}.Debug|Any CPU.ActiveCfg = Debug|Win32
		{DCF1087A-9439-4F26-812C-51FB1126BBFD}.Debug|Any CPU.Build.0 = Debug|Win32
		{DCF1087A-9439-4F26-812C-51FB1126BBFD}.Release|Any CPU.ActiveCfg = Release|Win32
		{DCF1087A-9439-4F26-812C-51FB1126BBFD}.Release|Any CPU.Build.0 = Release|Win32
		{D9BCD2B5-8ED7-486E-AE23-9D9A6B27638D}.Debug|Any CPU.ActiveCfg = Debug|Win32
		{D9BCD2B5-8ED7-486E-AE23-9D9A6B27638D}.Debug|Any CPU.Build.0 = Debug|Win32
		{D9BCD2B5-8ED7-486E-AE23-9D9A6B27638D}.Release|Any CPU.ActiveCfg = Release|Win32
		{D9BCD2B5-8ED7-486E-AE23-9D9A6B27638D}.Release|Any CPU.Build.0 = Release|Win32
		{C7790C0A-606C-4A78-95DD-1CDF1330C530}.Debug|Any CPU.ActiveCfg = Debug|Win32
		{C7790C0A-606C-4A78-95DD-1CDF1330C530}.Debug|Any CPU.Build.0 = Debug|Win32
		{C7790C0A-606C-4A78-95DD-1CDF1330C530}.Release|Any CPU.ActiveCfg = Release|Win32
		{C7790C0A-606C-4A78-95DD-1CDF1330C530}.Release|Any CPU.Build.0 = Release|Win32
	EndGlobalSection
EndGlobal
