
Microsoft Visual Studio Solution File, Format Version 12.00
# Visual Studio Version 17
VisualStudioVersion = 17.0.31903.59
MinimumVisualStudioVersion = 10.0.40219.1
Project("{8BC9CEB8-8B4A-11D0-8D11-00A0C91BC942}") = "Ex001", "Ex001\Ex001.vcxproj", "{546B910A-A767-4EB2-8A9D-B39C11484772}"
EndProject
Project("{8BC9CEB8-8B4A-11D0-8D11-00A0C91BC942}") = "Ex002", "Ex002\Ex002.vcxproj", "{E8335EA4-506D-4041-AC83-13C16D5072FE}"
EndProject
Project("{8BC9CEB8-8B4A-11D0-8D11-00A0C91BC942}") = "Ex003", "Ex003\Ex003.vcxproj", "{7E00356A-46CF-42CB-A1EC-7A25A4DE040D}"
EndProject
Project("{8BC9CEB8-8B4A-11D0-8D11-00A0C91BC942}") = "Ex004", "Ex004\Ex004.vcxproj", "{E6CBEDE8-38D7-4B17-AE3D-3C1554096D44}"
EndProject
Project("{8BC9CEB8-8B4A-11D0-8D11-00A0C91BC942}") = "Ex005", "Ex005\Ex005.vcxproj", "{B0B746E4-E1F9-4BAC-9BEF-7678FFB7F5EF}"
EndProject
Project("{8BC9CEB8-8B4A-11D0-8D11-00A0C91BC942}") = "Ex006", "Ex006\Ex006.vcxproj", "{4DE57B61-59D3-4B4C-8126-FB6D0323B4AC}"
EndProject
Project("{8BC9CEB8-8B4A-11D0-8D11-00A0C91BC942}") = "Ex007", "Ex007\Ex007.vcxproj", "{76B686CF-DE6F-48D2-9B00-0E7AA0A5351D}"
EndProject
Project("{8BC9CEB8-8B4A-11D0-8D11-00A0C91BC942}") = "Ex008", "Ex008\Ex008.vcxproj", "{7BF4C4CF-7831-4D0D-A398-0C2648FC0319}"
EndProject
Project("{8BC9CEB8-8B4A-11D0-8D11-00A0C91BC942}") = "Ex009", "Ex009\Ex009.vcxproj", "{5D45CAD3-8F24-4198-A07C-59A61C759E57}"
EndProject
Project("{8BC9CEB8-8B4A-11D0-8D11-00A0C91BC942}") = "Ex010", "Ex010\Ex010.vcxproj", "{C64D0F61-F546-470B-8EB9-375736C381E8}"
EndProject
Project("{8BC9CEB8-8B4A-11D0-8D11-00A0C91BC942}") = "Ex011", "Ex011\Ex011.vcxproj", "{89221CB4-969A-480F-A2C3-053C71A714C2}"
EndProject
Project("{8BC9CEB8-8B4A-11D0-8D11-00A0C91BC942}") = "Ex012", "Ex012\Ex012.vcxproj", "{CB76DF3E-AE9E-4030-907E-E5BE6C44E95A}"
EndProject
Global
	GlobalSection(SolutionConfigurationPlatforms) = preSolution
		Debug|Any CPU = Debug|Any CPU
		Release|Any CPU = Release|Any CPU
	EndGlobalSection
	GlobalSection(SolutionProperties) = preSolution
		HideSolutionNode = FALSE
	EndGlobalSection
	GlobalSection(ProjectConfigurationPlatforms) = postSolution
		{546B910A-A767-4EB2-8A9D-B39C11484772}.Debug|Any CPU.ActiveCfg = Debug|Win32
		{546B910A-A767-4EB2-8A9D-B39C11484772}.Debug|Any CPU.Build.0 = Debug|Win32
		{546B910A-A767-4EB2-8A9D-B39C11484772}.Release|Any CPU.ActiveCfg = Release|Win32
		{546B910A-A767-4EB2-8A9D-B39C11484772}.Release|Any CPU.Build.0 = Release|Win32
		{E8335EA4-506D-4041-AC83-13C16D5072FE}.Debug|Any CPU.ActiveCfg = Debug|Win32
		{E8335EA4-506D-4041-AC83-13C16D5072FE}.Debug|Any CPU.Build.0 = Debug|Win32
		{E8335EA4-506D-4041-AC83-13C16D5072FE}.Release|Any CPU.ActiveCfg = Release|Win32
		{E8335EA4-506D-4041-AC83-13C16D5072FE}.Release|Any CPU.Build.0 = Release|Win32
		{7E00356A-46CF-42CB-A1EC-7A25A4DE040D}.Debug|Any CPU.ActiveCfg = Debug|Win32
		{7E00356A-46CF-42CB-A1EC-7A25A4DE040D}.Debug|Any CPU.Build.0 = Debug|Win32
		{7E00356A-46CF-42CB-A1EC-7A25A4DE040D}.Release|Any CPU.ActiveCfg = Release|Win32
		{7E00356A-46CF-42CB-A1EC-7A25A4DE040D}.Release|Any CPU.Build.0 = Release|Win32
		{E6CBEDE8-38D7-4B17-AE3D-3C1554096D44}.Debug|Any CPU.ActiveCfg = Debug|Win32
		{E6CBEDE8-38D7-4B17-AE3D-3C1554096D44}.Debug|Any CPU.Build.0 = Debug|Win32
		{E6CBEDE8-38D7-4B17-AE3D-3C1554096D44}.Release|Any CPU.ActiveCfg = Release|Win32
		{E6CBEDE8-38D7-4B17-AE3D-3C1554096D44}.Release|Any CPU.Build.0 = Release|Win32
		{B0B746E4-E1F9-4BAC-9BEF-7678FFB7F5EF}.Debug|Any CPU.ActiveCfg = Debug|Win32
		{B0B746E4-E1F9-4BAC-9BEF-7678FFB7F5EF}.Debug|Any CPU.Build.0 = Debug|Win32
		{B0B746E4-E1F9-4BAC-9BEF-7678FFB7F5EF}.Release|Any CPU.ActiveCfg = Release|Win32
		{B0B746E4-E1F9-4BAC-9BEF-7678FFB7F5EF}.Release|Any CPU.Build.0 = Release|Win32
		{4DE57B61-59D3-4B4C-8126-FB6D0323B4AC}.Debug|Any CPU.ActiveCfg = Debug|Win32
		{4DE57B61-59D3-4B4C-8126-FB6D0323B4AC}.Debug|Any CPU.Build.0 = Debug|Win32
		{4DE57B61-59D3-4B4C-8126-FB6D0323B4AC}.Release|Any CPU.ActiveCfg = Release|Win32
		{4DE57B61-59D3-4B4C-8126-FB6D0323B4AC}.Release|Any CPU.Build.0 = Release|Win32
		{76B686CF-DE6F-48D2-9B00-0E7AA0A5351D}.Debug|Any CPU.ActiveCfg = Debug|Win32
		{76B686CF-DE6F-48D2-9B00-0E7AA0A5351D}.Debug|Any CPU.Build.0 = Debug|Win32
		{76B686CF-DE6F-48D2-9B00-0E7AA0A5351D}.Release|Any CPU.ActiveCfg = Release|Win32
		{76B686CF-DE6F-48D2-9B00-0E7AA0A5351D}.Release|Any CPU.Build.0 = Release|Win32
		{7BF4C4CF-7831-4D0D-A398-0C2648FC0319}.Debug|Any CPU.ActiveCfg = Debug|Win32
		{7BF4C4CF-7831-4D0D-A398-0C2648FC0319}.Debug|Any CPU.Build.0 = Debug|Win32
		{7BF4C4CF-7831-4D0D-A398-0C2648FC0319}.Release|Any CPU.ActiveCfg = Release|Win32
		{7BF4C4CF-7831-4D0D-A398-0C2648FC0319}.Release|Any CPU.Build.0 = Release|Win32
		{5D45CAD3-8F24-4198-A07C-59A61C759E57}.Debug|Any CPU.ActiveCfg = Debug|Win32
		{5D45CAD3-8F24-4198-A07C-59A61C759E57}.Debug|Any CPU.Build.0 = Debug|Win32
		{5D45CAD3-8F24-4198-A07C-59A61C759E57}.Release|Any CPU.ActiveCfg = Release|Win32
		{5D45CAD3-8F24-4198-A07C-59A61C759E57}.Release|Any CPU.Build.0 = Release|Win32
		{C64D0F61-F546-470B-8EB9-375736C381E8}.Debug|Any CPU.ActiveCfg = Debug|Win32
		{C64D0F61-F546-470B-8EB9-375736C381E8}.Debug|Any CPU.Build.0 = Debug|Win32
		{C64D0F61-F546-470B-8EB9-375736C381E8}.Release|Any CPU.ActiveCfg = Release|Win32
		{C64D0F61-F546-470B-8EB9-375736C381E8}.Release|Any CPU.Build.0 = Release|Win32
		{89221CB4-969A-480F-A2C3-053C71A714C2}.Debug|Any CPU.ActiveCfg = Debug|Win32
		{89221CB4-969A-480F-A2C3-053C71A714C2}.Debug|Any CPU.Build.0 = Debug|Win32
		{89221CB4-969A-480F-A2C3-053C71A714C2}.Release|Any CPU.ActiveCfg = Release|Win32
		{89221CB4-969A-480F-A2C3-053C71A714C2}.Release|Any CPU.Build.0 = Release|Win32
		{CB76DF3E-AE9E-4030-907E-E5BE6C44E95A}.Debug|Any CPU.ActiveCfg = Debug|Win32
		{CB76DF3E-AE9E-4030-907E-E5BE6C44E95A}.Debug|Any CPU.Build.0 = Debug|Win32
		{CB76DF3E-AE9E-4030-907E-E5BE6C44E95A}.Release|Any CPU.ActiveCfg = Release|Win32
		{CB76DF3E-AE9E-4030-907E-E5BE6C44E95A}.Release|Any CPU.Build.0 = Release|Win32
	EndGlobalSection
EndGlobal
