
Microsoft Visual Studio Solution File, Format Version 12.00
# Visual Studio Version 17
VisualStudioVersion = 17.0.31903.59
MinimumVisualStudioVersion = 10.0.40219.1
Project("{8BC9CEB8-8B4A-11D0-8D11-00A0C91BC942}") = "Ex001", "Ex001\Ex001.vcxproj", "{D790E1F4-D3A1-4F1B-AB21-9AF5423862FF}"
EndProject
Project("{8BC9CEB8-8B4A-11D0-8D11-00A0C91BC942}") = "Ex002", "Ex002\Ex002.vcxproj", "{B87CC955-474B-4822-84C8-05BCDD7EC4F8}"
EndProject
Project("{8BC9CEB8-8B4A-11D0-8D11-00A0C91BC942}") = "Ex003", "Ex003\Ex003.vcxproj", "{6900F4EF-65ED-4C3E-AF50-302D9A9FCF85}"
EndProject
Project("{8BC9CEB8-8B4A-11D0-8D11-00A0C91BC942}") = "Ex004", "Ex004\Ex004.vcxproj", "{878E71FA-5474-4B11-8967-806926DA27FD}"
EndProject
Project("{8BC9CEB8-8B4A-11D0-8D11-00A0C91BC942}") = "Ex005", "Ex005\Ex005.vcxproj", "{AACB001E-1A60-422C-89F0-7CD9B75416BA}"
EndProject
Project("{8BC9CEB8-8B4A-11D0-8D11-00A0C91BC942}") = "Ex006", "Ex006\Ex006.vcxproj", "{3B881753-010A-4DC0-BB84-0C7CF6B81C3B}"
EndProject
Project("{8BC9CEB8-8B4A-11D0-8D11-00A0C91BC942}") = "Ex007", "Ex007\Ex007.vcxproj", "{883E3273-D25A-4B83-A228-A6F139777029}"
EndProject
Project("{8BC9CEB8-8B4A-11D0-8D11-00A0C91BC942}") = "Ex008", "Ex008\Ex008.vcxproj", "{429EB37B-3E4E-4F96-80ED-AFCDBFEDE522}"
EndProject
Global
	GlobalSection(SolutionConfigurationPlatforms) = preSolution
		Debug|Any CPU = Debug|Any CPU
		Release|Any CPU = Release|Any CPU
	EndGlobalSection
	GlobalSection(SolutionProperties) = preSolution
		HideSolutionNode = FALSE
	EndGlobalSection
	GlobalSection(ProjectConfigurationPlatforms) = postSolution
		{D790E1F4-D3A1-4F1B-AB21-9AF5423862FF}.Debug|Any CPU.ActiveCfg = Debug|Win32
		{D790E1F4-D3A1-4F1B-AB21-9AF5423862FF}.Debug|Any CPU.Build.0 = Debug|Win32
		{D790E1F4-D3A1-4F1B-AB21-9AF5423862FF}.Release|Any CPU.ActiveCfg = Release|Win32
		{D790E1F4-D3A1-4F1B-AB21-9AF5423862FF}.Release|Any CPU.Build.0 = Release|Win32
		{B87CC955-474B-4822-84C8-05BCDD7EC4F8}.Debug|Any CPU.ActiveCfg = Debug|Win32
		{B87CC955-474B-4822-84C8-05BCDD7EC4F8}.Debug|Any CPU.Build.0 = Debug|Win32
		{B87CC955-474B-4822-84C8-05BCDD7EC4F8}.Release|Any CPU.ActiveCfg = Release|Win32
		{B87CC955-474B-4822-84C8-05BCDD7EC4F8}.Release|Any CPU.Build.0 = Release|Win32
		{6900F4EF-65ED-4C3E-AF50-302D9A9FCF85}.Debug|Any CPU.ActiveCfg = Debug|Win32
		{6900F4EF-65ED-4C3E-AF50-302D9A9FCF85}.Debug|Any CPU.Build.0 = Debug|Win32
		{6900F4EF-65ED-4C3E-AF50-302D9A9FCF85}.Release|Any CPU.ActiveCfg = Release|Win32
		{6900F4EF-65ED-4C3E-AF50-302D9A9FCF85}.Release|Any CPU.Build.0 = Release|Win32
		{878E71FA-5474-4B11-8967-806926DA27FD}.Debug|Any CPU.ActiveCfg = Debug|Win32
		{878E71FA-5474-4B11-8967-806926DA27FD}.Debug|Any CPU.Build.0 = Debug|Win32
		{878E71FA-5474-4B11-8967-806926DA27FD}.Release|Any CPU.ActiveCfg = Release|Win32
		{878E71FA-5474-4B11-8967-806926DA27FD}.Release|Any CPU.Build.0 = Release|Win32
		{AACB001E-1A60-422C-89F0-7CD9B75416BA}.Debug|Any CPU.ActiveCfg = Debug|Win32
		{AACB001E-1A60-422C-89F0-7CD9B75416BA}.Debug|Any CPU.Build.0 = Debug|Win32
		{AACB001E-1A60-422C-89F0-7CD9B75416BA}.Release|Any CPU.ActiveCfg = Release|Win32
		{AACB001E-1A60-422C-89F0-7CD9B75416BA}.Release|Any CPU.Build.0 = Release|Win32
		{3B881753-010A-4DC0-BB84-0C7CF6B81C3B}.Debug|Any CPU.ActiveCfg = Debug|Win32
		{3B881753-010A-4DC0-BB84-0C7CF6B81C3B}.Debug|Any CPU.Build.0 = Debug|Win32
		{3B881753-010A-4DC0-BB84-0C7CF6B81C3B}.Release|Any CPU.ActiveCfg = Release|Win32
		{3B881753-010A-4DC0-BB84-0C7CF6B81C3B}.Release|Any CPU.Build.0 = Release|Win32
		{883E3273-D25A-4B83-A228-A6F139777029}.Debug|Any CPU.ActiveCfg = Debug|Win32
		{883E3273-D25A-4B83-A228-A6F139777029}.Debug|Any CPU.Build.0 = Debug|Win32
		{883E3273-D25A-4B83-A228-A6F139777029}.Release|Any CPU.ActiveCfg = Release|Win32
		{883E3273-D25A-4B83-A228-A6F139777029}.Release|Any CPU.Build.0 = Release|Win32
		{429EB37B-3E4E-4F96-80ED-AFCDBFEDE522}.Debug|Any CPU.ActiveCfg = Debug|Win32
		{429EB37B-3E4E-4F96-80ED-AFCDBFEDE522}.Debug|Any CPU.Build.0 = Debug|Win32
		{429EB37B-3E4E-4F96-80ED-AFCDBFEDE522}.Release|Any CPU.ActiveCfg = Release|Win32
		{429EB37B-3E4E-4F96-80ED-AFCDBFEDE522}.Release|Any CPU.Build.0 = Release|Win32
	EndGlobalSection
EndGlobal
