
Microsoft Visual Studio Solution File, Format Version 12.00
# Visual Studio Version 17
VisualStudioVersion = 17.0.31903.59
MinimumVisualStudioVersion = 10.0.40219.1
Project("{8BC9CEB8-8B4A-11D0-8D11-00A0C91BC942}") = "Ex001", "Ex001\Ex001.vcxproj", "{15861A57-A282-4959-954D-4C72095DB14F}"
EndProject
Project("{8BC9CEB8-8B4A-11D0-8D11-00A0C91BC942}") = "Ex002", "Ex002\Ex002.vcxproj", "{202DD669-99FD-419C-A4E8-0057567ECAF2}"
EndProject
Project("{8BC9CEB8-8B4A-11D0-8D11-00A0C91BC942}") = "Ex003", "Ex003\Ex003.vcxproj", "{EF9F1BC6-642B-43AB-9501-87A42D31DDD7}"
EndProject
Project("{8BC9CEB8-8B4A-11D0-8D11-00A0C91BC942}") = "Ex004", "Ex004\Ex004.vcxproj", "{14DCA351-297E-4430-90F3-9CDB749F6AF9}"
EndProject
Project("{8BC9CEB8-8B4A-11D0-8D11-00A0C91BC942}") = "Ex005", "Ex005\Ex005.vcxproj", "{A4AB68F2-DAF0-4D9F-989E-91B507B748F2}"
EndProject
Project("{8BC9CEB8-8B4A-11D0-8D11-00A0C91BC942}") = "Ex006", "Ex006\Ex006.vcxproj", "{C65E3AEA-B09F-434F-9375-CA1419634FED}"
EndProject
Project("{8BC9CEB8-8B4A-11D0-8D11-00A0C91BC942}") = "Ex007", "Ex007\Ex007.vcxproj", "{485B2BFC-DA8A-433C-B07C-6CC6A522FCF4}"
EndProject
Project("{8BC9CEB8-8B4A-11D0-8D11-00A0C91BC942}") = "Ex008", "Ex008\Ex008.vcxproj", "{CF30EC46-4F3A-4FDE-BD9D-DF7B94D82878}"
EndProject
Global
	GlobalSection(SolutionConfigurationPlatforms) = preSolution
		Debug|Any CPU = Debug|Any CPU
		Release|Any CPU = Release|Any CPU
	EndGlobalSection
	GlobalSection(SolutionProperties) = preSolution
		HideSolutionNode = FALSE
	EndGlobalSection
	GlobalSection(ProjectConfigurationPlatforms) = postSolution
		{15861A57-A282-4959-954D-4C72095DB14F}.Debug|Any CPU.ActiveCfg = Debug|Win32
		{15861A57-A282-4959-954D-4C72095DB14F}.Debug|Any CPU.Build.0 = Debug|Win32
		{15861A57-A282-4959-954D-4C72095DB14F}.Release|Any CPU.ActiveCfg = Release|Win32
		{15861A57-A282-4959-954D-4C72095DB14F}.Release|Any CPU.Build.0 = Release|Win32
		{202DD669-99FD-419C-A4E8-0057567ECAF2}.Debug|Any CPU.ActiveCfg = Debug|Win32
		{202DD669-99FD-419C-A4E8-0057567ECAF2}.Debug|Any CPU.Build.0 = Debug|Win32
		{202DD669-99FD-419C-A4E8-0057567ECAF2}.Release|Any CPU.ActiveCfg = Release|Win32
		{202DD669-99FD-419C-A4E8-0057567ECAF2}.Release|Any CPU.Build.0 = Release|Win32
		{EF9F1BC6-642B-43AB-9501-87A42D31DDD7}.Debug|Any CPU.ActiveCfg = Debug|Win32
		{EF9F1BC6-642B-43AB-9501-87A42D31DDD7}.Debug|Any CPU.Build.0 = Debug|Win32
		{EF9F1BC6-642B-43AB-9501-87A42D31DDD7}.Release|Any CPU.ActiveCfg = Release|Win32
		{EF9F1BC6-642B-43AB-9501-87A42D31DDD7}.Release|Any CPU.Build.0 = Release|Win32
		{14DCA351-297E-4430-90F3-9CDB749F6AF9}.Debug|Any CPU.ActiveCfg = Debug|Win32
		{14DCA351-297E-4430-90F3-9CDB749F6AF9}.Debug|Any CPU.Build.0 = Debug|Win32
		{14DCA351-297E-4430-90F3-9CDB749F6AF9}.Release|Any CPU.ActiveCfg = Release|Win32
		{14DCA351-297E-4430-90F3-9CDB749F6AF9}.Release|Any CPU.Build.0 = Release|Win32
		{A4AB68F2-DAF0-4D9F-989E-91B507B748F2}.Debug|Any CPU.ActiveCfg = Debug|Win32
		{A4AB68F2-DAF0-4D9F-989E-91B507B748F2}.Debug|Any CPU.Build.0 = Debug|Win32
		{A4AB68F2-DAF0-4D9F-989E-91B507B748F2}.Release|Any CPU.ActiveCfg = Release|Win32
		{A4AB68F2-DAF0-4D9F-989E-91B507B748F2}.Release|Any CPU.Build.0 = Release|Win32
		{C65E3AEA-B09F-434F-9375-CA1419634FED}.Debug|Any CPU.ActiveCfg = Debug|Win32
		{C65E3AEA-B09F-434F-9375-CA1419634FED}.Debug|Any CPU.Build.0 = Debug|Win32
		{C65E3AEA-B09F-434F-9375-CA1419634FED}.Release|Any CPU.ActiveCfg = Release|Win32
		{C65E3AEA-B09F-434F-9375-CA1419634FED}.Release|Any CPU.Build.0 = Release|Win32
		{485B2BFC-DA8A-433C-B07C-6CC6A522FCF4}.Debug|Any CPU.ActiveCfg = Debug|Win32
		{485B2BFC-DA8A-433C-B07C-6CC6A522FCF4}.Debug|Any CPU.Build.0 = Debug|Win32
		{485B2BFC-DA8A-433C-B07C-6CC6A522FCF4}.Release|Any CPU.ActiveCfg = Release|Win32
		{485B2BFC-DA8A-433C-B07C-6CC6A522FCF4}.Release|Any CPU.Build.0 = Release|Win32
		{CF30EC46-4F3A-4FDE-BD9D-DF7B94D82878}.Debug|Any CPU.ActiveCfg = Debug|Win32
		{CF30EC46-4F3A-4FDE-BD9D-DF7B94D82878}.Debug|Any CPU.Build.0 = Debug|Win32
		{CF30EC46-4F3A-4FDE-BD9D-DF7B94D82878}.Release|Any CPU.ActiveCfg = Release|Win32
		{CF30EC46-4F3A-4FDE-BD9D-DF7B94D82878}.Release|Any CPU.Build.0 = Release|Win32
	EndGlobalSection
EndGlobal
