
Microsoft Visual Studio Solution File, Format Version 12.00
# Visual Studio Version 17
VisualStudioVersion = 17.0.31903.59
MinimumVisualStudioVersion = 10.0.40219.1
Project("{8BC9CEB8-8B4A-11D0-8D11-00A0C91BC942}") = "Ex001", "Ex001\Ex001.vcxproj", "{1F06512F-671D-47AB-B0DE-C85310CB8C51}"
EndProject
Project("{8BC9CEB8-8B4A-11D0-8D11-00A0C91BC942}") = "Ex002", "Ex002\Ex002.vcxproj", "{895CDBE8-6F55-4CB3-B49D-2085DFA3D68C}"
EndProject
Project("{8BC9CEB8-8B4A-11D0-8D11-00A0C91BC942}") = "Ex003", "Ex003\Ex003.vcxproj", "{54ACF39B-985F-4A84-967A-C59CC7BCB0F3}"
EndProject
Project("{8BC9CEB8-8B4A-11D0-8D11-00A0C91BC942}") = "Ex004", "Ex004\Ex004.vcxproj", "{CFFDFEB0-013E-4EC9-B27D-88FCE0B8D821}"
EndProject
Project("{8BC9CEB8-8B4A-11D0-8D11-00A0C91BC942}") = "Ex005", "Ex005\Ex005.vcxproj", "{E1F46697-817A-40A6-B56B-DB8E30E79AE5}"
EndProject
Project("{8BC9CEB8-8B4A-11D0-8D11-00A0C91BC942}") = "Ex006", "Ex006\Ex006.vcxproj", "{F97722D3-CAC9-494D-AA05-D9700F581400}"
EndProject
Project("{8BC9CEB8-8B4A-11D0-8D11-00A0C91BC942}") = "Ex007", "Ex007\Ex007.vcxproj", "{FB03B9BB-5919-4206-94D5-858E0883E02C}"
EndProject
Project("{8BC9CEB8-8B4A-11D0-8D11-00A0C91BC942}") = "Ex008", "Ex008\Ex008.vcxproj", "{F4500C47-46E3-42D2-AE3B-6A66F1EBB5BD}"
EndProject
Global
	GlobalSection(SolutionConfigurationPlatforms) = preSolution
		Debug|Any CPU = Debug|Any CPU
		Release|Any CPU = Release|Any CPU
	EndGlobalSection
	GlobalSection(SolutionProperties) = preSolution
		HideSolutionNode = FALSE
	EndGlobalSection
	GlobalSection(ProjectConfigurationPlatforms) = postSolution
		{1F06512F-671D-47AB-B0DE-C85310CB8C51}.Debug|Any CPU.ActiveCfg = Debug|Win32
		{1F06512F-671D-47AB-B0DE-C85310CB8C51}.Debug|Any CPU.Build.0 = Debug|Win32
		{1F06512F-671D-47AB-B0DE-C85310CB8C51}.Release|Any CPU.ActiveCfg = Release|Win32
		{1F06512F-671D-47AB-B0DE-C85310CB8C51}.Release|Any CPU.Build.0 = Release|Win32
		{895CDBE8-6F55-4CB3-B49D-2085DFA3D68C}.Debug|Any CPU.ActiveCfg = Debug|Win32
		{895CDBE8-6F55-4CB3-B49D-2085DFA3D68C}.Debug|Any CPU.Build.0 = Debug|Win32
		{895CDBE8-6F55-4CB3-B49D-2085DFA3D68C}.Release|Any CPU.ActiveCfg = Release|Win32
		{895CDBE8-6F55-4CB3-B49D-2085DFA3D68C}.Release|Any CPU.Build.0 = Release|Win32
		{54ACF39B-985F-4A84-967A-C59CC7BCB0F3}.Debug|Any CPU.ActiveCfg = Debug|Win32
		{54ACF39B-985F-4A84-967A-C59CC7BCB0F3}.Debug|Any CPU.Build.0 = Debug|Win32
		{54ACF39B-985F-4A84-967A-C59CC7BCB0F3}.Release|Any CPU.ActiveCfg = Release|Win32
		{54ACF39B-985F-4A84-967A-C59CC7BCB0F3}.Release|Any CPU.Build.0 = Release|Win32
		{CFFDFEB0-013E-4EC9-B27D-88FCE0B8D821}.Debug|Any CPU.ActiveCfg = Debug|Win32
		{CFFDFEB0-013E-4EC9-B27D-88FCE0B8D821}.Debug|Any CPU.Build.0 = Debug|Win32
		{CFFDFEB0-013E-4EC9-B27D-88FCE0B8D821}.Release|Any CPU.ActiveCfg = Release|Win32
		{CFFDFEB0-013E-4EC9-B27D-88FCE0B8D821}.Release|Any CPU.Build.0 = Release|Win32
		{E1F46697-817A-40A6-B56B-DB8E30E79AE5}.Debug|Any CPU.ActiveCfg = Debug|Win32
		{E1F46697-817A-40A6-B56B-DB8E30E79AE5}.Debug|Any CPU.Build.0 = Debug|Win32
		{E1F46697-817A-40A6-B56B-DB8E30E79AE5}.Release|Any CPU.ActiveCfg = Release|Win32
		{E1F46697-817A-40A6-B56B-DB8E30E79AE5}.Release|Any CPU.Build.0 = Release|Win32
		{F97722D3-CAC9-494D-AA05-D9700F581400}.Debug|Any CPU.ActiveCfg = Debug|Win32
		{F97722D3-CAC9-494D-AA05-D9700F581400}.Debug|Any CPU.Build.0 = Debug|Win32
		{F97722D3-CAC9-494D-AA05-D9700F581400}.Release|Any CPU.ActiveCfg = Release|Win32
		{F97722D3-CAC9-494D-AA05-D9700F581400}.Release|Any CPU.Build.0 = Release|Win32
		{FB03B9BB-5919-4206-94D5-858E0883E02C}.Debug|Any CPU.ActiveCfg = Debug|Win32
		{FB03B9BB-5919-4206-94D5-858E0883E02C}.Debug|Any CPU.Build.0 = Debug|Win32
		{FB03B9BB-5919-4206-94D5-858E0883E02C}.Release|Any CPU.ActiveCfg = Release|Win32
		{FB03B9BB-5919-4206-94D5-858E0883E02C}.Release|Any CPU.Build.0 = Release|Win32
		{F4500C47-46E3-42D2-AE3B-6A66F1EBB5BD}.Debug|Any CPU.ActiveCfg = Debug|Win32
		{F4500C47-46E3-42D2-AE3B-6A66F1EBB5BD}.Debug|Any CPU.Build.0 = Debug|Win32
		{F4500C47-46E3-42D2-AE3B-6A66F1EBB5BD}.Release|Any CPU.ActiveCfg = Release|Win32
		{F4500C47-46E3-42D2-AE3B-6A66F1EBB5BD}.Release|Any CPU.Build.0 = Release|Win32
	EndGlobalSection
EndGlobal
