
Microsoft Visual Studio Solution File, Format Version 12.00
# Visual Studio Version 17
VisualStudioVersion = 17.0.31903.59
MinimumVisualStudioVersion = 10.0.40219.1
Project("{8BC9CEB8-8B4A-11D0-8D11-00A0C91BC942}") = "Ex001", "Ex001\Ex001.vcxproj", "{81A4AA60-A1DC-4B31-976A-64A21A3C8E72}"
EndProject
Project("{8BC9CEB8-8B4A-11D0-8D11-00A0C91BC942}") = "Ex002", "Ex002\Ex002.vcxproj", "{2CEDCD02-AAD8-419B-8DFF-F403FAE4C989}"
EndProject
Project("{8BC9CEB8-8B4A-11D0-8D11-00A0C91BC942}") = "Ex003", "Ex003\Ex003.vcxproj", "{959CDB7B-1A74-4F25-BFBF-66AC550BB743}"
EndProject
Project("{8BC9CEB8-8B4A-11D0-8D11-00A0C91BC942}") = "Ex004", "Ex004\Ex004.vcxproj", "{F04EEA97-6147-43A4-AD4D-AEBAA7ADFD9A}"
EndProject
Project("{8BC9CEB8-8B4A-11D0-8D11-00A0C91BC942}") = "Ex005", "Ex005\Ex005.vcxproj", "{E3C954DD-6075-4D6C-8A50-FF9F57A35330}"
EndProject
Project("{8BC9CEB8-8B4A-11D0-8D11-00A0C91BC942}") = "Ex006", "Ex006\Ex006.vcxproj", "{A5D45E1E-633B-40E9-A1CB-082BFAB33099}"
EndProject
Project("{8BC9CEB8-8B4A-11D0-8D11-00A0C91BC942}") = "Ex007", "Ex007\Ex007.vcxproj", "{2068942C-AF06-49FE-A26D-4D5D35C26A3E}"
EndProject
Global
	GlobalSection(SolutionConfigurationPlatforms) = preSolution
		Debug|Any CPU = Debug|Any CPU
		Release|Any CPU = Release|Any CPU
	EndGlobalSection
	GlobalSection(SolutionProperties) = preSolution
		HideSolutionNode = FALSE
	EndGlobalSection
	GlobalSection(ProjectConfigurationPlatforms) = postSolution
		{81A4AA60-A1DC-4B31-976A-64A21A3C8E72}.Debug|Any CPU.ActiveCfg = Debug|Win32
		{81A4AA60-A1DC-4B31-976A-64A21A3C8E72}.Debug|Any CPU.Build.0 = Debug|Win32
		{81A4AA60-A1DC-4B31-976A-64A21A3C8E72}.Release|Any CPU.ActiveCfg = Release|Win32
		{81A4AA60-A1DC-4B31-976A-64A21A3C8E72}.Release|Any CPU.Build.0 = Release|Win32
		{2CEDCD02-AAD8-419B-8DFF-F403FAE4C989}.Debug|Any CPU.ActiveCfg = Debug|Win32
		{2CEDCD02-AAD8-419B-8DFF-F403FAE4C989}.Debug|Any CPU.Build.0 = Debug|Win32
		{2CEDCD02-AAD8-419B-8DFF-F403FAE4C989}.Release|Any CPU.ActiveCfg = Release|Win32
		{2CEDCD02-AAD8-419B-8DFF-F403FAE4C989}.Release|Any CPU.Build.0 = Release|Win32
		{959CDB7B-1A74-4F25-BFBF-66AC550BB743}.Debug|Any CPU.ActiveCfg = Debug|Win32
		{959CDB7B-1A74-4F25-BFBF-66AC550BB743}.Debug|Any CPU.Build.0 = Debug|Win32
		{959CDB7B-1A74-4F25-BFBF-66AC550BB743}.Release|Any CPU.ActiveCfg = Release|Win32
		{959CDB7B-1A74-4F25-BFBF-66AC550BB743}.Release|Any CPU.Build.0 = Release|Win32
		{F04EEA97-6147-43A4-AD4D-AEBAA7ADFD9A}.Debug|Any CPU.ActiveCfg = Debug|Win32
		{F04EEA97-6147-43A4-AD4D-AEBAA7ADFD9A}.Debug|Any CPU.Build.0 = Debug|Win32
		{F04EEA97-6147-43A4-AD4D-AEBAA7ADFD9A}.Release|Any CPU.ActiveCfg = Release|Win32
		{F04EEA97-6147-43A4-AD4D-AEBAA7ADFD9A}.Release|Any CPU.Build.0 = Release|Win32
		{E3C954DD-6075-4D6C-8A50-FF9F57A35330}.Debug|Any CPU.ActiveCfg = Debug|Win32
		{E3C954DD-6075-4D6C-8A50-FF9F57A35330}.Debug|Any CPU.Build.0 = Debug|Win32
		{E3C954DD-6075-4D6C-8A50-FF9F57A35330}.Release|Any CPU.ActiveCfg = Release|Win32
		{E3C954DD-6075-4D6C-8A50-FF9F57A35330}.Release|Any CPU.Build.0 = Release|Win32
		{A5D45E1E-633B-40E9-A1CB-082BFAB33099}.Debug|Any CPU.ActiveCfg = Debug|Win32
		{A5D45E1E-633B-40E9-A1CB-082BFAB33099}.Debug|Any CPU.Build.0 = Debug|Win32
		{A5D45E1E-633B-40E9-A1CB-082BFAB33099}.Release|Any CPU.ActiveCfg = Release|Win32
		{A5D45E1E-633B-40E9-A1CB-082BFAB33099}.Release|Any CPU.Build.0 = Release|Win32
		{2068942C-AF06-49FE-A26D-4D5D35C26A3E}.Debug|Any CPU.ActiveCfg = Debug|Win32
		{2068942C-AF06-49FE-A26D-4D5D35C26A3E}.Debug|Any CPU.Build.0 = Debug|Win32
		{2068942C-AF06-49FE-A26D-4D5D35C26A3E}.Release|Any CPU.ActiveCfg = Release|Win32
		{2068942C-AF06-49FE-A26D-4D5D35C26A3E}.Release|Any CPU.Build.0 = Release|Win32
	EndGlobalSection
EndGlobal
