
Microsoft Visual Studio Solution File, Format Version 12.00
# Visual Studio Version 17
VisualStudioVersion = 17.0.31903.59
MinimumVisualStudioVersion = 10.0.40219.1
Project("{8BC9CEB8-8B4A-11D0-8D11-00A0C91BC942}") = "Ex001", "Ex001\Ex001.vcxproj", "{141EE3FA-1416-4EDB-B555-7C09E4079A61}"
EndProject
Project("{8BC9CEB8-8B4A-11D0-8D11-00A0C91BC942}") = "Ex002", "Ex002\Ex002.vcxproj", "{85A1DE68-CE13-4895-B842-35370AC4BE6D}"
EndProject
Project("{8BC9CEB8-8B4A-11D0-8D11-00A0C91BC942}") = "Ex003", "Ex003\Ex003.vcxproj", "{2662C5AA-05B8-4E82-997F-9CABF23E3599}"
EndProject
Project("{8BC9CEB8-8B4A-11D0-8D11-00A0C91BC942}") = "Ex004", "Ex004\Ex004.vcxproj", "{59A8C19C-B504-4EBA-A548-CFF82A1259AD}"
EndProject
Project("{8BC9CEB8-8B4A-11D0-8D11-00A0C91BC942}") = "Ex005", "Ex005\Ex005.vcxproj", "{A4868023-204F-4121-A32E-369CBD2249FC}"
EndProject
Project("{8BC9CEB8-8B4A-11D0-8D11-00A0C91BC942}") = "Ex006", "Ex006\Ex006.vcxproj", "{9C667E93-B682-48F3-B234-53AC1E0067D3}"
EndProject
Project("{8BC9CEB8-8B4A-11D0-8D11-00A0C91BC942}") = "Ex007", "Ex007\Ex007.vcxproj", "{DB66FF7B-FCFF-4248-9935-E1E649F0197A}"
EndProject
Project("{8BC9CEB8-8B4A-11D0-8D11-00A0C91BC942}") = "Ex008", "Ex008\Ex008.vcxproj", "{F01F01A9-AA72-44BA-A77F-41CF65ADE388}"
EndProject
Global
	GlobalSection(SolutionConfigurationPlatforms) = preSolution
		Debug|Any CPU = Debug|Any CPU
		Release|Any CPU = Release|Any CPU
	EndGlobalSection
	GlobalSection(SolutionProperties) = preSolution
		HideSolutionNode = FALSE
	EndGlobalSection
	GlobalSection(ProjectConfigurationPlatforms) = postSolution
		{141EE3FA-1416-4EDB-B555-7C09E4079A61}.Debug|Any CPU.ActiveCfg = Debug|Win32
		{141EE3FA-1416-4EDB-B555-7C09E4079A61}.Debug|Any CPU.Build.0 = Debug|Win32
		{141EE3FA-1416-4EDB-B555-7C09E4079A61}.Release|Any CPU.ActiveCfg = Release|Win32
		{141EE3FA-1416-4EDB-B555-7C09E4079A61}.Release|Any CPU.Build.0 = Release|Win32
		{85A1DE68-CE13-4895-B842-35370AC4BE6D}.Debug|Any CPU.ActiveCfg = Debug|Win32
		{85A1DE68-CE13-4895-B842-35370AC4BE6D}.Debug|Any CPU.Build.0 = Debug|Win32
		{85A1DE68-CE13-4895-B842-35370AC4BE6D}.Release|Any CPU.ActiveCfg = Release|Win32
		{85A1DE68-CE13-4895-B842-35370AC4BE6D}.Release|Any CPU.Build.0 = Release|Win32
		{2662C5AA-05B8-4E82-997F-9CABF23E3599}.Debug|Any CPU.ActiveCfg = Debug|Win32
		{2662C5AA-05B8-4E82-997F-9CABF23E3599}.Debug|Any CPU.Build.0 = Debug|Win32
		{2662C5AA-05B8-4E82-997F-9CABF23E3599}.Release|Any CPU.ActiveCfg = Release|Win32
		{2662C5AA-05B8-4E82-997F-9CABF23E3599}.Release|Any CPU.Build.0 = Release|Win32
		{59A8C19C-B504-4EBA-A548-CFF82A1259AD}.Debug|Any CPU.ActiveCfg = Debug|Win32
		{59A8C19C-B504-4EBA-A548-CFF82A1259AD}.Debug|Any CPU.Build.0 = Debug|Win32
		{59A8C19C-B504-4EBA-A548-CFF82A1259AD}.Release|Any CPU.ActiveCfg = Release|Win32
		{59A8C19C-B504-4EBA-A548-CFF82A1259AD}.Release|Any CPU.Build.0 = Release|Win32
		{A4868023-204F-4121-A32E-369CBD2249FC}.Debug|Any CPU.ActiveCfg = Debug|Win32
		{A4868023-204F-4121-A32E-369CBD2249FC}.Debug|Any CPU.Build.0 = Debug|Win32
		{A4868023-204F-4121-A32E-369CBD2249FC}.Release|Any CPU.ActiveCfg = Release|Win32
		{A4868023-204F-4121-A32E-369CBD2249FC}.Release|Any CPU.Build.0 = Release|Win32
		{9C667E93-B682-48F3-B234-53AC1E0067D3}.Debug|Any CPU.ActiveCfg = Debug|Win32
		{9C667E93-B682-48F3-B234-53AC1E0067D3}.Debug|Any CPU.Build.0 = Debug|Win32
		{9C667E93-B682-48F3-B234-53AC1E0067D3}.Release|Any CPU.ActiveCfg = Release|Win32
		{9C667E93-B682-48F3-B234-53AC1E0067D3}.Release|Any CPU.Build.0 = Release|Win32
		{DB66FF7B-FCFF-4248-9935-E1E649F0197A}.Debug|Any CPU.ActiveCfg = Debug|Win32
		{DB66FF7B-FCFF-4248-9935-E1E649F0197A}.Debug|Any CPU.Build.0 = Debug|Win32
		{DB66FF7B-FCFF-4248-9935-E1E649F0197A}.Release|Any CPU.ActiveCfg = Release|Win32
		{DB66FF7B-FCFF-4248-9935-E1E649F0197A}.Release|Any CPU.Build.0 = Release|Win32
		{F01F01A9-AA72-44BA-A77F-41CF65ADE388}.Debug|Any CPU.ActiveCfg = Debug|Win32
		{F01F01A9-AA72-44BA-A77F-41CF65ADE388}.Debug|Any CPU.Build.0 = Debug|Win32
		{F01F01A9-AA72-44BA-A77F-41CF65ADE388}.Release|Any CPU.ActiveCfg = Release|Win32
		{F01F01A9-AA72-44BA-A77F-41CF65ADE388}.Release|Any CPU.Build.0 = Release|Win32
	EndGlobalSection
EndGlobal
