
Microsoft Visual Studio Solution File, Format Version 12.00
# Visual Studio Version 17
VisualStudioVersion = 17.0.31903.59
MinimumVisualStudioVersion = 10.0.40219.1
Project("{8BC9CEB8-8B4A-11D0-8D11-00A0C91BC942}") = "Ex001", "Ex001\Ex001.vcxproj", "{A00215FC-FDE4-4CFE-B9EC-74D5CBE27271}"
EndProject
Project("{8BC9CEB8-8B4A-11D0-8D11-00A0C91BC942}") = "Ex002", "Ex002\Ex002.vcxproj", "{7B04A86C-5C7A-41D3-855E-4B1DED527629}"
EndProject
Project("{8BC9CEB8-8B4A-11D0-8D11-00A0C91BC942}") = "Ex003", "Ex003\Ex003.vcxproj", "{82ABA735-4A48-429F-AB5B-590EB55C3B60}"
EndProject
Project("{8BC9CEB8-8B4A-11D0-8D11-00A0C91BC942}") = "Ex004", "Ex004\Ex004.vcxproj", "{6224DCE0-496E-4572-9566-3D293B86669A}"
EndProject
Project("{8BC9CEB8-8B4A-11D0-8D11-00A0C91BC942}") = "Ex005", "Ex005\Ex005.vcxproj", "{1A0D3A13-8FF7-4355-8B9F-9C16F870C832}"
EndProject
Project("{8BC9CEB8-8B4A-11D0-8D11-00A0C91BC942}") = "Ex006", "Ex006\Ex006.vcxproj", "{812B2361-2EED-4826-9B10-B8066A130E32}"
EndProject
Project("{8BC9CEB8-8B4A-11D0-8D11-00A0C91BC942}") = "Ex007", "Ex007\Ex007.vcxproj", "{F2C66EF8-16C7-4A63-9AB1-0B8A3C064013}"
EndProject
Global
	GlobalSection(SolutionConfigurationPlatforms) = preSolution
		Debug|Any CPU = Debug|Any CPU
		Release|Any CPU = Release|Any CPU
	EndGlobalSection
	GlobalSection(SolutionProperties) = preSolution
		HideSolutionNode = FALSE
	EndGlobalSection
	GlobalSection(ProjectConfigurationPlatforms) = postSolution
		{A00215FC-FDE4-4CFE-B9EC-74D5CBE27271}.Debug|Any CPU.ActiveCfg = Debug|Win32
		{A00215FC-FDE4-4CFE-B9EC-74D5CBE27271}.Debug|Any CPU.Build.0 = Debug|Win32
		{A00215FC-FDE4-4CFE-B9EC-74D5CBE27271}.Release|Any CPU.ActiveCfg = Release|Win32
		{A00215FC-FDE4-4CFE-B9EC-74D5CBE27271}.Release|Any CPU.Build.0 = Release|Win32
		{7B04A86C-5C7A-41D3-855E-4B1DED527629}.Debug|Any CPU.ActiveCfg = Debug|Win32
		{7B04A86C-5C7A-41D3-855E-4B1DED527629}.Debug|Any CPU.Build.0 = Debug|Win32
		{7B04A86C-5C7A-41D3-855E-4B1DED527629}.Release|Any CPU.ActiveCfg = Release|Win32
		{7B04A86C-5C7A-41D3-855E-4B1DED527629}.Release|Any CPU.Build.0 = Release|Win32
		{82ABA735-4A48-429F-AB5B-590EB55C3B60}.Debug|Any CPU.ActiveCfg = Debug|Win32
		{82ABA735-4A48-429F-AB5B-590EB55C3B60}.Debug|Any CPU.Build.0 = Debug|Win32
		{82ABA735-4A48-429F-AB5B-590EB55C3B60}.Release|Any CPU.ActiveCfg = Release|Win32
		{82ABA735-4A48-429F-AB5B-590EB55C3B60}.Release|Any CPU.Build.0 = Release|Win32
		{6224DCE0-496E-4572-9566-3D293B86669A}.Debug|Any CPU.ActiveCfg = Debug|Win32
		{6224DCE0-496E-4572-9566-3D293B86669A}.Debug|Any CPU.Build.0 = Debug|Win32
		{6224DCE0-496E-4572-9566-3D293B86669A}.Release|Any CPU.ActiveCfg = Release|Win32
		{6224DCE0-496E-4572-9566-3D293B86669A}.Release|Any CPU.Build.0 = Release|Win32
		{1A0D3A13-8FF7-4355-8B9F-9C16F870C832}.Debug|Any CPU.ActiveCfg = Debug|Win32
		{1A0D3A13-8FF7-4355-8B9F-9C16F870C832}.Debug|Any CPU.Build.0 = Debug|Win32
		{1A0D3A13-8FF7-4355-8B9F-9C16F870C832}.Release|Any CPU.ActiveCfg = Release|Win32
		{1A0D3A13-8FF7-4355-8B9F-9C16F870C832}.Release|Any CPU.Build.0 = Release|Win32
		{812B2361-2EED-4826-9B10-B8066A130E32}.Debug|Any CPU.ActiveCfg = Debug|Win32
		{812B2361-2EED-4826-9B10-B8066A130E32}.Debug|Any CPU.Build.0 = Debug|Win32
		{812B2361-2EED-4826-9B10-B8066A130E32}.Release|Any CPU.ActiveCfg = Release|Win32
		{812B2361-2EED-4826-9B10-B8066A130E32}.Release|Any CPU.Build.0 = Release|Win32
		{F2C66EF8-16C7-4A63-9AB1-0B8A3C064013}.Debug|Any CPU.ActiveCfg = Debug|Win32
		{F2C66EF8-16C7-4A63-9AB1-0B8A3C064013}.Debug|Any CPU.Build.0 = Debug|Win32
		{F2C66EF8-16C7-4A63-9AB1-0B8A3C064013}.Release|Any CPU.ActiveCfg = Release|Win32
		{F2C66EF8-16C7-4A63-9AB1-0B8A3C064013}.Release|Any CPU.Build.0 = Release|Win32
	EndGlobalSection
EndGlobal
