
Microsoft Visual Studio Solution File, Format Version 12.00
Project("{8BC9CEB8-8B4A-11D0-8D11-00A0C91BC942}") = "Ex001", "Ex001\Ex001.vcxproj", "{41BB19D2-A4B7-485F-825D-893A7BC9EEEB}"
EndProject
Project("{8BC9CEB8-8B4A-11D0-8D11-00A0C91BC942}") = "Ex002", "Ex002\Ex002.vcxproj", "{F76FC3F4-1095-4DFE-94FE-FDC0E92F8BB5}"
EndProject
Project("{8BC9CEB8-8B4A-11D0-8D11-00A0C91BC942}") = "Ex003", "Ex003\Ex003.vcxproj", "{C1802418-514C-4E57-B899-EAE8544335FA}"
EndProject
Project("{8BC9CEB8-8B4A-11D0-8D11-00A0C91BC942}") = "Ex004", "Ex004\Ex004.vcxproj", "{29D524C8-B9A1-4C94-9F6E-586259D3BF69}"
EndProject
Project("{8BC9CEB8-8B4A-11D0-8D11-00A0C91BC942}") = "Ex005", "Ex005\Ex005.vcxproj", "{8D61FC2A-54DF-495A-90CF-1413596A6F6E}"
EndProject
Project("{8BC9CEB8-8B4A-11D0-8D11-00A0C91BC942}") = "Ex006", "Ex006\Ex006.vcxproj", "{0902F214-E66F-4E8D-8EDE-905C98EBC714}"
EndProject
Global
	GlobalSection(SolutionConfigurationPlatforms) = preSolution
		Debug|Win32 = Debug|Win32
		Debug|x64 = Debug|x64
		Release|Win32 = Release|Win32
		Release|x64 = Release|x64
	EndGlobalSection
	GlobalSection(ProjectConfigurationPlatforms) = postSolution
		{41BB19D2-A4B7-485F-825D-893A7BC9EEEB}.Debug|Win32.ActiveCfg = Debug|Win32
		{41BB19D2-A4B7-485F-825D-893A7BC9EEEB}.Debug|Win32.Build.0 = Debug|Win32
		{41BB19D2-A4B7-485F-825D-893A7BC9EEEB}.Debug|x64.ActiveCfg = Debug|x64
		{41BB19D2-A4B7-485F-825D-893A7BC9EEEB}.Debug|x64.Build.0 = Debug|x64
		{41BB19D2-A4B7-485F-825D-893A7BC9EEEB}.Release|Win32.ActiveCfg = Release|Win32
		{41BB19D2-A4B7-485F-825D-893A7BC9EEEB}.Release|Win32.Build.0 = Release|Win32
		{41BB19D2-A4B7-485F-825D-893A7BC9EEEB}.Release|x64.ActiveCfg = Release|x64
		{41BB19D2-A4B7-485F-825D-893A7BC9EEEB}.Release|x64.Build.0 = Release|x64
		{F76FC3F4-1095-4DFE-94FE-FDC0E92F8BB5}.Debug|Win32.ActiveCfg = Debug|Win32
		{F76FC3F4-1095-4DFE-94FE-FDC0E92F8BB5}.Debug|Win32.Build.0 = Debug|Win32
		{F76FC3F4-1095-4DFE-94FE-FDC0E92F8BB5}.Debug|x64.ActiveCfg = Debug|x64
		{F76FC3F4-1095-4DFE-94FE-FDC0E92F8BB5}.Debug|x64.Build.0 = Debug|x64
		{F76FC3F4-1095-4DFE-94FE-FDC0E92F8BB5}.Release|Win32.ActiveCfg = Release|Win32
		{F76FC3F4-1095-4DFE-94FE-FDC0E92F8BB5}.Release|Win32.Build.0 = Release|Win32
		{F76FC3F4-1095-4DFE-94FE-FDC0E92F8BB5}.Release|x64.ActiveCfg = Release|x64
		{F76FC3F4-1095-4DFE-94FE-FDC0E92F8BB5}.Release|x64.Build.0 = Release|x64
		{C1802418-514C-4E57-B899-EAE8544335FA}.Debug|Win32.ActiveCfg = Debug|Win32
		{C1802418-514C-4E57-B899-EAE8544335FA}.Debug|Win32.Build.0 = Debug|Win32
		{C1802418-514C-4E57-B899-EAE8544335FA}.Debug|x64.ActiveCfg = Debug|x64
		{C1802418-514C-4E57-B899-EAE8544335FA}.Debug|x64.Build.0 = Debug|x64
		{C1802418-514C-4E57-B899-EAE8544335FA}.Release|Win32.ActiveCfg = Release|Win32
		{C1802418-514C-4E57-B899-EAE8544335FA}.Release|Win32.Build.0 = Release|Win32
		{C1802418-514C-4E57-B899-EAE8544335FA}.Release|x64.ActiveCfg = Release|x64
		{C1802418-514C-4E57-B899-EAE8544335FA}.Release|x64.Build.0 = Release|x64
		{29D524C8-B9A1-4C94-9F6E-586259D3BF69}.Debug|Win32.ActiveCfg = Debug|Win32
		{29D524C8-B9A1-4C94-9F6E-586259D3BF69}.Debug|Win32.Build.0 = Debug|Win32
		{29D524C8-B9A1-4C94-9F6E-586259D3BF69}.Debug|x64.ActiveCfg = Debug|x64
		{29D524C8-B9A1-4C94-9F6E-586259D3BF69}.Debug|x64.Build.0 = Debug|x64
		{29D524C8-B9A1-4C94-9F6E-586259D3BF69}.Release|Win32.ActiveCfg = Release|Win32
		{29D524C8-B9A1-4C94-9F6E-586259D3BF69}.Release|Win32.Build.0 = Release|Win32
		{29D524C8-B9A1-4C94-9F6E-586259D3BF69}.Release|x64.ActiveCfg = Release|x64
		{29D524C8-B9A1-4C94-9F6E-586259D3BF69}.Release|x64.Build.0 = Release|x64
		{8D61FC2A-54DF-495A-90CF-1413596A6F6E}.Debug|Win32.ActiveCfg = Debug|Win32
		{8D61FC2A-54DF-495A-90CF-1413596A6F6E}.Debug|Win32.Build.0 = Debug|Win32
		{8D61FC2A-54DF-495A-90CF-1413596A6F6E}.Debug|x64.ActiveCfg = Debug|x64
		{8D61FC2A-54DF-495A-90CF-1413596A6F6E}.Debug|x64.Build.0 = Debug|x64
		{8D61FC2A-54DF-495A-90CF-1413596A6F6E}.Release|Win32.ActiveCfg = Release|Win32
		{8D61FC2A-54DF-495A-90CF-1413596A6F6E}.Release|Win32.Build.0 = Release|Win32
		{8D61FC2A-54DF-495A-90CF-1413596A6F6E}.Release|x64.ActiveCfg = Release|x64
		{8D61FC2A-54DF-495A-90CF-1413596A6F6E}.Release|x64.Build.0 = Release|x64
		{0902F214-E66F-4E8D-8EDE-905C98EBC714}.Debug|Win32.ActiveCfg = Debug|Win32
		{0902F214-E66F-4E8D-8EDE-905C98EBC714}.Debug|Win32.Build.0 = Debug|Win32
		{0902F214-E66F-4E8D-8EDE-905C98EBC714}.Debug|x64.ActiveCfg = Debug|x64
		{0902F214-E66F-4E8D-8EDE-905C98EBC714}.Debug|x64.Build.0 = Debug|x64
		{0902F214-E66F-4E8D-8EDE-905C98EBC714}.Release|Win32.ActiveCfg = Release|Win32
		{0902F214-E66F-4E8D-8EDE-905C98EBC714}.Release|Win32.Build.0 = Release|Win32
		{0902F214-E66F-4E8D-8EDE-905C98EBC714}.Release|x64.ActiveCfg = Release|x64
		{0902F214-E66F-4E8D-8EDE-905C98EBC714}.Release|x64.Build.0 = Release|x64
	EndGlobalSection
EndGlobal
