
Microsoft Visual Studio Solution File, Format Version 12.00
# Visual Studio Version 17
VisualStudioVersion = 17.0.31903.59
MinimumVisualStudioVersion = 10.0.40219.1
Project("{8BC9CEB8-8B4A-11D0-8D11-00A0C91BC942}") = "Ex001", "Ex001\Ex001.vcxproj", "{38F7290F-C2E2-4891-A014-E6CDB14E88B3}"
EndProject
Project("{8BC9CEB8-8B4A-11D0-8D11-00A0C91BC942}") = "Ex002", "Ex002\Ex002.vcxproj", "{B8327061-662F-4BAD-822C-CD3D62CB77FF}"
EndProject
Project("{8BC9CEB8-8B4A-11D0-8D11-00A0C91BC942}") = "Ex003", "Ex003\Ex003.vcxproj", "{201364E2-4AF2-4A3D-B3F7-B18E8B60A28C}"
EndProject
Project("{8BC9CEB8-8B4A-11D0-8D11-00A0C91BC942}") = "Ex004", "Ex004\Ex004.vcxproj", "{CC8E47CA-F652-4329-9189-69C8F2882799}"
EndProject
Project("{8BC9CEB8-8B4A-11D0-8D11-00A0C91BC942}") = "Ex005", "Ex005\Ex005.vcxproj", "{5848D008-5673-41CD-8212-E538F77DC0FD}"
EndProject
Project("{8BC9CEB8-8B4A-11D0-8D11-00A0C91BC942}") = "Ex006", "Ex006\Ex006.vcxproj", "{23A8963B-07A2-4BB0-AFA9-3E43798A80CF}"
EndProject
Project("{8BC9CEB8-8B4A-11D0-8D11-00A0C91BC942}") = "Ex007", "Ex007\Ex007.vcxproj", "{7674631F-5197-4B98-A814-CD293DCFF57E}"
EndProject
Project("{8BC9CEB8-8B4A-11D0-8D11-00A0C91BC942}") = "Ex008", "Ex008\Ex008.vcxproj", "{0ADD53FE-F80C-466F-A883-399731C376BB}"
EndProject
Global
	GlobalSection(SolutionConfigurationPlatforms) = preSolution
		Debug|Any CPU = Debug|Any CPU
		Release|Any CPU = Release|Any CPU
	EndGlobalSection
	GlobalSection(SolutionProperties) = preSolution
		HideSolutionNode = FALSE
	EndGlobalSection
	GlobalSection(ProjectConfigurationPlatforms) = postSolution
		{38F7290F-C2E2-4891-A014-E6CDB14E88B3}.Debug|Any CPU.ActiveCfg = Debug|Win32
		{38F7290F-C2E2-4891-A014-E6CDB14E88B3}.Debug|Any CPU.Build.0 = Debug|Win32
		{38F7290F-C2E2-4891-A014-E6CDB14E88B3}.Release|Any CPU.ActiveCfg = Release|Win32
		{38F7290F-C2E2-4891-A014-E6CDB14E88B3}.Release|Any CPU.Build.0 = Release|Win32
		{B8327061-662F-4BAD-822C-CD3D62CB77FF}.Debug|Any CPU.ActiveCfg = Debug|Win32
		{B8327061-662F-4BAD-822C-CD3D62CB77FF}.Debug|Any CPU.Build.0 = Debug|Win32
		{B8327061-662F-4BAD-822C-CD3D62CB77FF}.Release|Any CPU.ActiveCfg = Release|Win32
		{B8327061-662F-4BAD-822C-CD3D62CB77FF}.Release|Any CPU.Build.0 = Release|Win32
		{201364E2-4AF2-4A3D-B3F7-B18E8B60A28C}.Debug|Any CPU.ActiveCfg = Debug|Win32
		{201364E2-4AF2-4A3D-B3F7-B18E8B60A28C}.Debug|Any CPU.Build.0 = Debug|Win32
		{201364E2-4AF2-4A3D-B3F7-B18E8B60A28C}.Release|Any CPU.ActiveCfg = Release|Win32
		{201364E2-4AF2-4A3D-B3F7-B18E8B60A28C}.Release|Any CPU.Build.0 = Release|Win32
		{CC8E47CA-F652-4329-9189-69C8F2882799}.Debug|Any CPU.ActiveCfg = Debug|Win32
		{CC8E47CA-F652-4329-9189-69C8F2882799}.Debug|Any CPU.Build.0 = Debug|Win32
		{CC8E47CA-F652-4329-9189-69C8F2882799}.Release|Any CPU.ActiveCfg = Release|Win32
		{CC8E47CA-F652-4329-9189-69C8F2882799}.Release|Any CPU.Build.0 = Release|Win32
		{5848D008-5673-41CD-8212-E538F77DC0FD}.Debug|Any CPU.ActiveCfg = Debug|Win32
		{5848D008-5673-41CD-8212-E538F77DC0FD}.Debug|Any CPU.Build.0 = Debug|Win32
		{5848D008-5673-41CD-8212-E538F77DC0FD}.Release|Any CPU.ActiveCfg = Release|Win32
		{5848D008-5673-41CD-8212-E538F77DC0FD}.Release|Any CPU.Build.0 = Release|Win32
		{23A8963B-07A2-4BB0-AFA9-3E43798A80CF}.Debug|Any CPU.ActiveCfg = Debug|Win32
		{23A8963B-07A2-4BB0-AFA9-3E43798A80CF}.Debug|Any CPU.Build.0 = Debug|Win32
		{23A8963B-07A2-4BB0-AFA9-3E43798A80CF}.Release|Any CPU.ActiveCfg = Release|Win32
		{23A8963B-07A2-4BB0-AFA9-3E43798A80CF}.Release|Any CPU.Build.0 = Release|Win32
		{7674631F-5197-4B98-A814-CD293DCFF57E}.Debug|Any CPU.ActiveCfg = Debug|Win32
		{7674631F-5197-4B98-A814-CD293DCFF57E}.Debug|Any CPU.Build.0 = Debug|Win32
		{7674631F-5197-4B98-A814-CD293DCFF57E}.Release|Any CPU.ActiveCfg = Release|Win32
		{7674631F-5197-4B98-A814-CD293DCFF57E}.Release|Any CPU.Build.0 = Release|Win32
		{0ADD53FE-F80C-466F-A883-399731C376BB}.Debug|Any CPU.ActiveCfg = Debug|Win32
		{0ADD53FE-F80C-466F-A883-399731C376BB}.Debug|Any CPU.Build.0 = Debug|Win32
		{0ADD53FE-F80C-466F-A883-399731C376BB}.Release|Any CPU.ActiveCfg = Release|Win32
		{0ADD53FE-F80C-466F-A883-399731C376BB}.Release|Any CPU.Build.0 = Release|Win32
	EndGlobalSection
EndGlobal
