
Microsoft Visual Studio Solution File, Format Version 12.00
# Visual Studio Version 17
VisualStudioVersion = 17.0.31903.59
MinimumVisualStudioVersion = 10.0.40219.1
Project("{8BC9CEB8-8B4A-11D0-8D11-00A0C91BC942}") = "Ex001", "Ex001\Ex001.vcxproj", "{AEBF8F80-579B-40D5-8FC9-A2D7B2849A08}"
EndProject
Project("{8BC9CEB8-8B4A-11D0-8D11-00A0C91BC942}") = "Ex002", "Ex002\Ex002.vcxproj", "{C8DB6628-BB51-4E99-874A-EF89604C3F7B}"
EndProject
Project("{8BC9CEB8-8B4A-11D0-8D11-00A0C91BC942}") = "Ex003", "Ex003\Ex003.vcxproj", "{35F4CAFA-4FD1-4F6F-810A-3E91C3504E98}"
EndProject
Project("{8BC9CEB8-8B4A-11D0-8D11-00A0C91BC942}") = "Ex004", "Ex004\Ex004.vcxproj", "{899C49F5-24C2-4ABE-A2AE-55922AE7AF63}"
EndProject
Project("{8BC9CEB8-8B4A-11D0-8D11-00A0C91BC942}") = "Ex005", "Ex005\Ex005.vcxproj", "{92C4EB18-0F4E-4D32-9C12-4CA41B297C78}"
EndProject
Project("{8BC9CEB8-8B4A-11D0-8D11-00A0C91BC942}") = "Ex006", "Ex006\Ex006.vcxproj", "{294E8F84-5980-4625-885F-E8B83BC367A3}"
EndProject
Global
	GlobalSection(SolutionConfigurationPlatforms) = preSolution
		Debug|Any CPU = Debug|Any CPU
		Release|Any CPU = Release|Any CPU
	EndGlobalSection
	GlobalSection(SolutionProperties) = preSolution
		HideSolutionNode = FALSE
	EndGlobalSection
	GlobalSection(ProjectConfigurationPlatforms) = postSolution
		{AEBF8F80-579B-40D5-8FC9-A2D7B2849A08}.Debug|Any CPU.ActiveCfg = Debug|Win32
		{AEBF8F80-579B-40D5-8FC9-A2D7B2849A08}.Debug|Any CPU.Build.0 = Debug|Win32
		{AEBF8F80-579B-40D5-8FC9-A2D7B2849A08}.Release|Any CPU.ActiveCfg = Release|Win32
		{AEBF8F80-579B-40D5-8FC9-A2D7B2849A08}.Release|Any CPU.Build.0 = Release|Win32
		{C8DB6628-BB51-4E99-874A-EF89604C3F7B}.Debug|Any CPU.ActiveCfg = Debug|Win32
		{C8DB6628-BB51-4E99-874A-EF89604C3F7B}.Debug|Any CPU.Build.0 = Debug|Win32
		{C8DB6628-BB51-4E99-874A-EF89604C3F7B}.Release|Any CPU.ActiveCfg = Release|Win32
		{C8DB6628-BB51-4E99-874A-EF89604C3F7B}.Release|Any CPU.Build.0 = Release|Win32
		{35F4CAFA-4FD1-4F6F-810A-3E91C3504E98}.Debug|Any CPU.ActiveCfg = Debug|Win32
		{35F4CAFA-4FD1-4F6F-810A-3E91C3504E98}.Debug|Any CPU.Build.0 = Debug|Win32
		{35F4CAFA-4FD1-4F6F-810A-3E91C3504E98}.Release|Any CPU.ActiveCfg = Release|Win32
		{35F4CAFA-4FD1-4F6F-810A-3E91C3504E98}.Release|Any CPU.Build.0 = Release|Win32
		{899C49F5-24C2-4ABE-A2AE-55922AE7AF63}.Debug|Any CPU.ActiveCfg = Debug|Win32
		{899C49F5-24C2-4ABE-A2AE-55922AE7AF63}.Debug|Any CPU.Build.0 = Debug|Win32
		{899C49F5-24C2-4ABE-A2AE-55922AE7AF63}.Release|Any CPU.ActiveCfg = Release|Win32
		{899C49F5-24C2-4ABE-A2AE-55922AE7AF63}.Release|Any CPU.Build.0 = Release|Win32
		{92C4EB18-0F4E-4D32-9C12-4CA41B297C78}.Debug|Any CPU.ActiveCfg = Debug|Win32
		{92C4EB18-0F4E-4D32-9C12-4CA41B297C78}.Debug|Any CPU.Build.0 = Debug|Win32
		{92C4EB18-0F4E-4D32-9C12-4CA41B297C78}.Release|Any CPU.ActiveCfg = Release|Win32
		{92C4EB18-0F4E-4D32-9C12-4CA41B297C78}.Release|Any CPU.Build.0 = Release|Win32
		{294E8F84-5980-4625-885F-E8B83BC367A3}.Debug|Any CPU.ActiveCfg = Debug|Win32
		{294E8F84-5980-4625-885F-E8B83BC367A3}.Debug|Any CPU.Build.0 = Debug|Win32
		{294E8F84-5980-4625-885F-E8B83BC367A3}.Release|Any CPU.ActiveCfg = Release|Win32
		{294E8F84-5980-4625-885F-E8B83BC367A3}.Release|Any CPU.Build.0 = Release|Win32
	EndGlobalSection
EndGlobal
