
Microsoft Visual Studio Solution File, Format Version 12.00
# Visual Studio Version 17
VisualStudioVersion = 17.0.31903.59
MinimumVisualStudioVersion = 10.0.40219.1
Project("{8BC9CEB8-8B4A-11D0-8D11-00A0C91BC942}") = "Ex001", "Ex001\Ex001.vcxproj", "{7C3FA7F7-8B37-4568-9067-0EC08586E4A8}"
EndProject
Project("{8BC9CEB8-8B4A-11D0-8D11-00A0C91BC942}") = "Ex002", "Ex002\Ex002.vcxproj", "{93033D73-2F8D-489E-A30E-E29C478D78DA}"
EndProject
Project("{8BC9CEB8-8B4A-11D0-8D11-00A0C91BC942}") = "Ex003", "Ex003\Ex003.vcxproj", "{EE64BCB6-1652-489E-88FA-3CDF1103A493}"
EndProject
Project("{8BC9CEB8-8B4A-11D0-8D11-00A0C91BC942}") = "Ex004", "Ex004\Ex004.vcxproj", "{E74F291A-9C29-4632-8652-888FDD565180}"
EndProject
Project("{8BC9CEB8-8B4A-11D0-8D11-00A0C91BC942}") = "Ex005", "Ex005\Ex005.vcxproj", "{60E3C55C-82AD-4F6C-A2EB-FEEFDA9C399F}"
EndProject
Project("{8BC9CEB8-8B4A-11D0-8D11-00A0C91BC942}") = "Ex006", "Ex006\Ex006.vcxproj", "{9ABC2C2F-ED27-4723-86B9-6C13BEC01723}"
EndProject
Global
	GlobalSection(SolutionConfigurationPlatforms) = preSolution
		Debug|Any CPU = Debug|Any CPU
		Release|Any CPU = Release|Any CPU
	EndGlobalSection
	GlobalSection(SolutionProperties) = preSolution
		HideSolutionNode = FALSE
	EndGlobalSection
	GlobalSection(ProjectConfigurationPlatforms) = postSolution
		{7C3FA7F7-8B37-4568-9067-0EC08586E4A8}.Debug|Any CPU.ActiveCfg = Debug|Win32
		{7C3FA7F7-8B37-4568-9067-0EC08586E4A8}.Debug|Any CPU.Build.0 = Debug|Win32
		{7C3FA7F7-8B37-4568-9067-0EC08586E4A8}.Release|Any CPU.ActiveCfg = Release|Win32
		{7C3FA7F7-8B37-4568-9067-0EC08586E4A8}.Release|Any CPU.Build.0 = Release|Win32
		{93033D73-2F8D-489E-A30E-E29C478D78DA}.Debug|Any CPU.ActiveCfg = Debug|Win32
		{93033D73-2F8D-489E-A30E-E29C478D78DA}.Debug|Any CPU.Build.0 = Debug|Win32
		{93033D73-2F8D-489E-A30E-E29C478D78DA}.Release|Any CPU.ActiveCfg = Release|Win32
		{93033D73-2F8D-489E-A30E-E29C478D78DA}.Release|Any CPU.Build.0 = Release|Win32
		{EE64BCB6-1652-489E-88FA-3CDF1103A493}.Debug|Any CPU.ActiveCfg = Debug|Win32
		{EE64BCB6-1652-489E-88FA-3CDF1103A493}.Debug|Any CPU.Build.0 = Debug|Win32
		{EE64BCB6-1652-489E-88FA-3CDF1103A493}.Release|Any CPU.ActiveCfg = Release|Win32
		{EE64BCB6-1652-489E-88FA-3CDF1103A493}.Release|Any CPU.Build.0 = Release|Win32
		{E74F291A-9C29-4632-8652-888FDD565180}.Debug|Any CPU.ActiveCfg = Debug|Win32
		{E74F291A-9C29-4632-8652-888FDD565180}.Debug|Any CPU.Build.0 = Debug|Win32
		{E74F291A-9C29-4632-8652-888FDD565180}.Release|Any CPU.ActiveCfg = Release|Win32
		{E74F291A-9C29-4632-8652-888FDD565180}.Release|Any CPU.Build.0 = Release|Win32
		{60E3C55C-82AD-4F6C-A2EB-FEEFDA9C399F}.Debug|Any CPU.ActiveCfg = Debug|Win32
		{60E3C55C-82AD-4F6C-A2EB-FEEFDA9C399F}.Debug|Any CPU.Build.0 = Debug|Win32
		{60E3C55C-82AD-4F6C-A2EB-FEEFDA9C399F}.Release|Any CPU.ActiveCfg = Release|Win32
		{60E3C55C-82AD-4F6C-A2EB-FEEFDA9C399F}.Release|Any CPU.Build.0 = Release|Win32
		{9ABC2C2F-ED27-4723-86B9-6C13BEC01723}.Debug|Any CPU.ActiveCfg = Debug|Win32
		{9ABC2C2F-ED27-4723-86B9-6C13BEC01723}.Debug|Any CPU.Build.0 = Debug|Win32
		{9ABC2C2F-ED27-4723-86B9-6C13BEC01723}.Release|Any CPU.ActiveCfg = Release|Win32
		{9ABC2C2F-ED27-4723-86B9-6C13BEC01723}.Release|Any CPU.Build.0 = Release|Win32
	EndGlobalSection
EndGlobal
